// !$*UTF8*$!
{
	archiveVersion = 1;
	classes = {
	};
	objectVersion = 46;
	objects = {

/* Begin PBXBuildFile section */
		65572F271B53EC7D0069189D /* main.swift in Sources */ = {isa = PBXBuildFile; fileRef = 65572F261B53EC7D0069189D /* main.swift */; };
		65572F2E1B53ECA30069189D /* Teacher.swift in Sources */ = {isa = PBXBuildFile; fileRef = 65572F2D1B53ECA30069189D /* Teacher.swift */; };
		65572F301B53ECB00069189D /* Student.swift in Sources */ = {isa = PBXBuildFile; fileRef = 65572F2F1B53ECB00069189D /* Student.swift */; };
/* End PBXBuildFile section */

/* Begin PBXCopyFilesBuildPhase section */
		65572F211B53EC7C0069189D /* CopyFiles */ = {
			isa = PBXCopyFilesBuildPhase;
			buildActionMask = 2147483647;
			dstPath = /usr/share/man/man1/;
			dstSubfolderSpec = 0;
			files = (
			);
			runOnlyForDeploymentPostprocessing = 1;
		};
/* End PBXCopyFilesBuildPhase section */

/* Begin PBXFileReference section */
		65572F231B53EC7C0069189D /* Swift09-2 */ = {isa = PBXFileReference; explicitFileType = "compiled.mach-o.executable"; includeInIndex = 0; path = "Swift09-2"; sourceTree = BUILT_PRODUCTS_DIR; };
		65572F261B53EC7D0069189D /* main.swift */ = {isa = PBXFileReference; lastKnownFileType = sourcecode.swift; path = main.swift; sourceTree = "<group>"; };
		65572F2D1B53ECA30069189D /* Teacher.swift */ = {isa = PBXFileReference; fileEncoding = 4; lastKnownFileType = sourcecode.swift; path = Teacher.swift; sourceTree = "<group>"; };
		65572F2F1B53ECB00069189D /* Student.swift */ = {isa = PBXFileReference; fileEncoding = 4; lastKnownFileType = sourcecode.swift; path = Student.swift; sourceTree = "<group>"; };
/* End PBXFileReference section */

/* Begin PBXFrameworksBuildPhase section */
		65572F201B53EC7C0069189D /* Frameworks */ = {
			isa = PBXFrameworksBuildPhase;
			buildActionMask = 2147483647;
			files = (
			);
			runOnlyForDeploymentPostprocessing = 0;
		};
/* End PBXFrameworksBuildPhase section */

/* Begin PBXGroup section */
		65572F1A1B53EC7C0069189D = {
			isa = PBXGroup;
			children = (
				65572F251B53EC7C0069189D /* Swift09-2 */,
				65572F241B53EC7C0069189D /* Products */,
			);
			sourceTree = "<group>";
		};
		65572F241B53EC7C0069189D /* Products */ = {
			isa = PBXGroup;
			children = (
				65572F231B53EC7C0069189D /* Swift09-2 */,
			);
			name = Products;
			sourceTree = "<group>";
		};
		65572F251B53EC7C0069189D /* Swift09-2 */ = {
			isa = PBXGroup;
			children = (
				65572F261B53EC7D0069189D /* main.swift */,
				65572F2D1B53ECA30069189D /* Teacher.swift */,
				65572F2F1B53ECB00069189D /* Student.swift */,
			);
			path = "Swift09-2";
			sourceTree = "<group>";
		};
/* End PBXGroup section */

/* Begin PBXNativeTarget section */
		65572F221B53EC7C0069189D /* Swift09-2 */ = {
			isa = PBXNativeTarget;
			buildConfigurationList = 65572F2A1B53EC7D0069189D /* Build configuration list for PBXNativeTarget "Swift09-2" */;
			buildPhases = (
				65572F1F1B53EC7C0069189D /* Sources */,
				65572F201B53EC7C0069189D /* Frameworks */,
				65572F211B53EC7C0069189D /* CopyFiles */,
			);
			buildRules = (
			);
			dependencies = (
			);
			name = "Swift09-2";
			productName = "Swift09-2";
			productReference = 65572F231B53EC7C0069189D /* Swift09-2 */;
			productType = "com.apple.product-type.tool";
		};
/* End PBXNativeTarget section */

/* Begin PBXProject section */
		65572F1B1B53EC7C0069189D /* Project object */ = {
			isa = PBXProject;
			attributes = {
				LastUpgradeCheck = 0700;
				ORGANIZATIONNAME = keyzhang;
				TargetAttributes = {
					65572F221B53EC7C0069189D = {
						CreatedOnToolsVersion = 7.0;
					};
				};
			};
			buildConfigurationList = 65572F1E1B53EC7C0069189D /* Build configuration list for PBXProject "Swift09-2" */;
			compatibilityVersion = "Xcode 3.2";
			developmentRegion = English;
			hasScannedForEncodings = 0;
			knownRegions = (
				en,
			);
			mainGroup = 65572F1A1B53EC7C0069189D;
			productRefGroup = 65572F241B53EC7C0069189D /* Products */;
			projectDirPath = "";
			projectRoot = "";
			targets = (
				65572F221B53EC7C0069189D /* Swift09-2 */,
			);
		};
/* End PBXProject section */

/* Begin PBXSourcesBuildPhase section */
		65572F1F1B53EC7C0069189D /* Sources */ = {
			isa = PBXSourcesBuildPhase;
			buildActionMask = 2147483647;
			files = (
				65572F2E1B53ECA30069189D /* Teacher.swift in Sources */,
				65572F301B53ECB00069189D /* Student.swift in Sources */,
				65572F271B53EC7D0069189D /* main.swift in Sources */,
			);
			runOnlyForDeploymentPostprocessing = 0;
		};
/* End PBXSourcesBuildPhase section */

/* Begin XCBuildConfiguration section */
		65572F281B53EC7D0069189D /* Debug */ = {
			isa = XCBuildConfiguration;
			buildSettings = {
				ALWAYS_SEARCH_USER_PATHS = NO;
				CLANG_CXX_LANGUAGE_STANDARD = "gnu++0x";
				CLANG_CXX_LIBRARY = "libc++";
				CLANG_ENABLE_MODULES = YES;
				CLANG_ENABLE_OBJC_ARC = YES;
				CLANG_WARN_BOOL_CONVERSION = YES;
				CLANG_WARN_CONSTANT_CONVERSION = YES;
				CLANG_WARN_DIRECT_OBJC_ISA_USAGE = YES_ERROR;
				CLANG_WARN_EMPTY_BODY = YES;
				CLANG_WARN_ENUM_CONVERSION = YES;
				CLANG_WARN_INT_CONVERSION = YES;
				CLANG_WARN_OBJC_ROOT_CLASS = YES_ERROR;
				CLANG_WARN_UNREACHABLE_CODE = YES;
				CLANG_WARN__DUPLICATE_METHOD_MATCH = YES;
				COPY_PHASE_STRIP = NO;
				DEBUG_INFORMATION_FORMAT = dwarf;
				ENABLE_STRICT_OBJC_MSGSEND = YES;
				ENABLE_TESTABILITY = YES;
				GCC_C_LANGUAGE_STANDARD = gnu99;
				GCC_DYNAMIC_NO_PIC = NO;
				GCC_NO_COMMON_BLOCKS = YES;
				GCC_OPTIMIZATION_LEVEL = 0;
				GCC_PREPROCESSOR_DEFINITIONS = (
					"DEBUG=1",
					"$(inherited)",
				);
				GCC_WARN_64_TO_32_BIT_CONVERSION = YES;
				GCC_WARN_ABOUT_RETURN_TYPE = YES_ERROR;
				GCC_WARN_UNDECLARED_SELECTOR = YES;
				GCC_WARN_UNINITIALIZED_AUTOS = YES_AGGRESSIVE;
				GCC_WARN_UNUSED_FUNCTION = YES;
				GCC_WARN_UNUSED_VARIABLE = YES;
				MACOSX_DEPLOYMENT_TARGET = 10.10;
				MTL_ENABLE_DEBUG_INFO = YES;
				ONLY_ACTIVE_ARCH = YES;
				SDKROOT = macosx;
				SWIFT_OPTIMIZATION_LEVEL = "-Onone";
			};
			name = Debug;
		};
		65572F291B53EC7D0069189D /* Release */ = {
			isa = XCBuildConfiguration;
			buildSettings = {
				ALWAYS_SEARCH_USER_PATHS = NO;
				CLANG_CXX_LANGUAGE_STANDARD = "gnu++0x";
				CLANG_CXX_LIBRARY = "libc++";
				CLANG_ENABLE_MODULES = YES;
				CLANG_ENABLE_OBJC_ARC = YES;
				CLANG_WARN_BOOL_CONVERSION = YES;
				CLANG_WARN_CONSTANT_CONVERSION = YES;
				CLANG_WARN_DIRECT_OBJC_ISA_USAGE = YES_ERROR;
				CLANG_WARN_EMPTY_BODY = YES;
				CLANG_WARN_ENUM_CONVERSION = YES;
				CLANG_WARN_INT_CONVERSION = YES;
				CLANG_WARN_OBJC_ROOT_CLASS = YES_ERROR;
				CLANG_WARN_UNREACHABLE_CODE = YES;
				CLANG_WARN__DUPLICATE_METHOD_MATCH = YES;
				COPY_PHASE_STRIP = NO;
				DEBUG_INFORMATION_FORMAT = "dwarf-with-dsym";
				ENABLE_NS_ASSERTIONS = NO;
				ENABLE_STRICT_OBJC_MSGSEND = YES;
				GCC_C_LANGUAGE_STANDARD = gnu99;
				GCC_NO_COMMON_BLOCKS = YES;
				GCC_WARN_64_TO_32_BIT_CONVERSION = YES;
				GCC_WARN_ABOUT_RETURN_TYPE = YES_ERROR;
				GCC_WARN_UNDECLARED_SELECTOR = YES;
				GCC_WARN_UNINITIALIZED_AUTOS = YES_AGGRESSIVE;
				GCC_WARN_UNUSED_FUNCTION = YES;
				GCC_WARN_UNUSED_VARIABLE = YES;
				MACOSX_DEPLOYMENT_TARGET = 10.10;
				MTL_ENABLE_DEBUG_INFO = NO;
				SDKROOT = macosx;
			};
			name = Release;
		};
		65572F2B1B53EC7D0069189D /* Debug */ = {
			isa = XCBuildConfiguration;
			buildSettings = {
				PRODUCT_NAME = "$(TARGET_NAME)";
			};
			name = Debug;
		};
		65572F2C1B53EC7D0069189D /* Release */ = {
			isa = XCBuildConfiguration;
			buildSettings = {
				PRODUCT_NAME = "$(TARGET_NAME)";
			};
			name = Release;
		};
/* End XCBuildConfiguration section */

/* Begin XCConfigurationList section */
		65572F1E1B53EC7C0069189D /* Build configuration list for PBXProject "Swift09-2" */ = {
			isa = XCConfigurationList;
			buildConfigurations = (
				65572F281B53EC7D0069189D /* Debug */,
				65572F291B53EC7D0069189D /* Release */,
			);
			defaultConfigurationIsVisible = 0;
			defaultConfigurationName = Release;
		};
		65572F2A1B53EC7D0069189D /* Build configuration list for PBXNativeTarget "Swift09-2" */ = {
			isa = XCConfigurationList;
			buildConfigurations = (
				65572F2B1B53EC7D0069189D /* Debug */,
				65572F2C1B53EC7D0069189D /* Release */,
			);
			defaultConfigurationIsVisible = 0;
		};
/* End XCConfigurationList section */
	};
	rootObject = 65572F1B1B53EC7C0069189D /* Project object */;
}
