// !$*UTF8*$!
{
	archiveVersion = 1;
	classes = {
	};
	objectVersion = 46;
	objects = {

/* Begin PBXBuildFile section */
		65C66CFB1B64F584004EB13B /* AppDelegate.swift in Sources */ = {isa = PBXBuildFile; fileRef = 65C66CFA1B64F584004EB13B /* AppDelegate.swift */; };
		65C66CFD1B64F584004EB13B /* ViewController.swift in Sources */ = {isa = PBXBuildFile; fileRef = 65C66CFC1B64F584004EB13B /* ViewController.swift */; };
		65C66D001B64F584004EB13B /* Main.storyboard in Resources */ = {isa = PBXBuildFile; fileRef = 65C66CFE1B64F584004EB13B /* Main.storyboard */; };
		65C66D021B64F584004EB13B /* Assets.xcassets in Resources */ = {isa = PBXBuildFile; fileRef = 65C66D011B64F584004EB13B /* Assets.xcassets */; };
		65C66D051B64F584004EB13B /* LaunchScreen.storyboard in Resources */ = {isa = PBXBuildFile; fileRef = 65C66D031B64F584004EB13B /* LaunchScreen.storyboard */; };
/* End PBXBuildFile section */

/* Begin PBXFileReference section */
		65C66CF71B64F584004EB13B /* Swift12-8.app */ = {isa = PBXFileReference; explicitFileType = wrapper.application; includeInIndex = 0; path = "Swift12-8.app"; sourceTree = BUILT_PRODUCTS_DIR; };
		65C66CFA1B64F584004EB13B /* AppDelegate.swift */ = {isa = PBXFileReference; lastKnownFileType = sourcecode.swift; path = AppDelegate.swift; sourceTree = "<group>"; };
		65C66CFC1B64F584004EB13B /* ViewController.swift */ = {isa = PBXFileReference; lastKnownFileType = sourcecode.swift; path = ViewController.swift; sourceTree = "<group>"; };
		65C66CFF1B64F584004EB13B /* Base */ = {isa = PBXFileReference; lastKnownFileType = file.storyboard; name = Base; path = Base.lproj/Main.storyboard; sourceTree = "<group>"; };
		65C66D011B64F584004EB13B /* Assets.xcassets */ = {isa = PBXFileReference; lastKnownFileType = folder.assetcatalog; path = Assets.xcassets; sourceTree = "<group>"; };
		65C66D041B64F584004EB13B /* Base */ = {isa = PBXFileReference; lastKnownFileType = file.storyboard; name = Base; path = Base.lproj/LaunchScreen.storyboard; sourceTree = "<group>"; };
		65C66D061B64F584004EB13B /* Info.plist */ = {isa = PBXFileReference; lastKnownFileType = text.plist.xml; path = Info.plist; sourceTree = "<group>"; };
/* End PBXFileReference section */

/* Begin PBXFrameworksBuildPhase section */
		65C66CF41B64F584004EB13B /* Frameworks */ = {
			isa = PBXFrameworksBuildPhase;
			buildActionMask = 2147483647;
			files = (
			);
			runOnlyForDeploymentPostprocessing = 0;
		};
/* End PBXFrameworksBuildPhase section */

/* Begin PBXGroup section */
		65C66CEE1B64F584004EB13B = {
			isa = PBXGroup;
			children = (
				65C66CF91B64F584004EB13B /* Swift12-8 */,
				65C66CF81B64F584004EB13B /* Products */,
			);
			sourceTree = "<group>";
		};
		65C66CF81B64F584004EB13B /* Products */ = {
			isa = PBXGroup;
			children = (
				65C66CF71B64F584004EB13B /* Swift12-8.app */,
			);
			name = Products;
			sourceTree = "<group>";
		};
		65C66CF91B64F584004EB13B /* Swift12-8 */ = {
			isa = PBXGroup;
			children = (
				65C66CFA1B64F584004EB13B /* AppDelegate.swift */,
				65C66CFC1B64F584004EB13B /* ViewController.swift */,
				65C66CFE1B64F584004EB13B /* Main.storyboard */,
				65C66D011B64F584004EB13B /* Assets.xcassets */,
				65C66D031B64F584004EB13B /* LaunchScreen.storyboard */,
				65C66D061B64F584004EB13B /* Info.plist */,
			);
			path = "Swift12-8";
			sourceTree = "<group>";
		};
/* End PBXGroup section */

/* Begin PBXNativeTarget section */
		65C66CF61B64F584004EB13B /* Swift12-8 */ = {
			isa = PBXNativeTarget;
			buildConfigurationList = 65C66D091B64F584004EB13B /* Build configuration list for PBXNativeTarget "Swift12-8" */;
			buildPhases = (
				65C66CF31B64F584004EB13B /* Sources */,
				65C66CF41B64F584004EB13B /* Frameworks */,
				65C66CF51B64F584004EB13B /* Resources */,
			);
			buildRules = (
			);
			dependencies = (
			);
			name = "Swift12-8";
			productName = "Swift12-8";
			productReference = 65C66CF71B64F584004EB13B /* Swift12-8.app */;
			productType = "com.apple.product-type.application";
		};
/* End PBXNativeTarget section */

/* Begin PBXProject section */
		65C66CEF1B64F584004EB13B /* Project object */ = {
			isa = PBXProject;
			attributes = {
				LastUpgradeCheck = 0700;
				ORGANIZATIONNAME = keyzhang;
				TargetAttributes = {
					65C66CF61B64F584004EB13B = {
						CreatedOnToolsVersion = 7.0;
					};
				};
			};
			buildConfigurationList = 65C66CF21B64F584004EB13B /* Build configuration list for PBXProject "Swift12-8" */;
			compatibilityVersion = "Xcode 3.2";
			developmentRegion = English;
			hasScannedForEncodings = 0;
			knownRegions = (
				en,
				Base,
			);
			mainGroup = 65C66CEE1B64F584004EB13B;
			productRefGroup = 65C66CF81B64F584004EB13B /* Products */;
			projectDirPath = "";
			projectRoot = "";
			targets = (
				65C66CF61B64F584004EB13B /* Swift12-8 */,
			);
		};
/* End PBXProject section */

/* Begin PBXResourcesBuildPhase section */
		65C66CF51B64F584004EB13B /* Resources */ = {
			isa = PBXResourcesBuildPhase;
			buildActionMask = 2147483647;
			files = (
				65C66D051B64F584004EB13B /* LaunchScreen.storyboard in Resources */,
				65C66D021B64F584004EB13B /* Assets.xcassets in Resources */,
				65C66D001B64F584004EB13B /* Main.storyboard in Resources */,
			);
			runOnlyForDeploymentPostprocessing = 0;
		};
/* End PBXResourcesBuildPhase section */

/* Begin PBXSourcesBuildPhase section */
		65C66CF31B64F584004EB13B /* Sources */ = {
			isa = PBXSourcesBuildPhase;
			buildActionMask = 2147483647;
			files = (
				65C66CFD1B64F584004EB13B /* ViewController.swift in Sources */,
				65C66CFB1B64F584004EB13B /* AppDelegate.swift in Sources */,
			);
			runOnlyForDeploymentPostprocessing = 0;
		};
/* End PBXSourcesBuildPhase section */

/* Begin PBXVariantGroup section */
		65C66CFE1B64F584004EB13B /* Main.storyboard */ = {
			isa = PBXVariantGroup;
			children = (
				65C66CFF1B64F584004EB13B /* Base */,
			);
			name = Main.storyboard;
			sourceTree = "<group>";
		};
		65C66D031B64F584004EB13B /* LaunchScreen.storyboard */ = {
			isa = PBXVariantGroup;
			children = (
				65C66D041B64F584004EB13B /* Base */,
			);
			name = LaunchScreen.storyboard;
			sourceTree = "<group>";
		};
/* End PBXVariantGroup section */

/* Begin XCBuildConfiguration section */
		65C66D071B64F584004EB13B /* Debug */ = {
			isa = XCBuildConfiguration;
			buildSettings = {
				ALWAYS_SEARCH_USER_PATHS = NO;
				CLANG_CXX_LANGUAGE_STANDARD = "gnu++0x";
				CLANG_CXX_LIBRARY = "libc++";
				CLANG_ENABLE_MODULES = YES;
				CLANG_ENABLE_OBJC_ARC = YES;
				CLANG_WARN_BOOL_CONVERSION = YES;
				CLANG_WARN_CONSTANT_CONVERSION = YES;
				CLANG_WARN_DIRECT_OBJC_ISA_USAGE = YES_ERROR;
				CLANG_WARN_EMPTY_BODY = YES;
				CLANG_WARN_ENUM_CONVERSION = YES;
				CLANG_WARN_INT_CONVERSION = YES;
				CLANG_WARN_OBJC_ROOT_CLASS = YES_ERROR;
				CLANG_WARN_UNREACHABLE_CODE = YES;
				CLANG_WARN__DUPLICATE_METHOD_MATCH = YES;
				"CODE_SIGN_IDENTITY[sdk=iphoneos*]" = "iPhone Developer";
				COPY_PHASE_STRIP = NO;
				DEBUG_INFORMATION_FORMAT = dwarf;
				ENABLE_STRICT_OBJC_MSGSEND = YES;
				ENABLE_TESTABILITY = YES;
				GCC_C_LANGUAGE_STANDARD = gnu99;
				GCC_DYNAMIC_NO_PIC = NO;
				GCC_NO_COMMON_BLOCKS = YES;
				GCC_OPTIMIZATION_LEVEL = 0;
				GCC_PREPROCESSOR_DEFINITIONS = (
					"DEBUG=1",
					"$(inherited)",
				);
				GCC_WARN_64_TO_32_BIT_CONVERSION = YES;
				GCC_WARN_ABOUT_RETURN_TYPE = YES_ERROR;
				GCC_WARN_UNDECLARED_SELECTOR = YES;
				GCC_WARN_UNINITIALIZED_AUTOS = YES_AGGRESSIVE;
				GCC_WARN_UNUSED_FUNCTION = YES;
				GCC_WARN_UNUSED_VARIABLE = YES;
				IPHONEOS_DEPLOYMENT_TARGET = 9.0;
				MTL_ENABLE_DEBUG_INFO = YES;
				ONLY_ACTIVE_ARCH = YES;
				SDKROOT = iphoneos;
				SWIFT_OPTIMIZATION_LEVEL = "-Onone";
			};
			name = Debug;
		};
		65C66D081B64F584004EB13B /* Release */ = {
			isa = XCBuildConfiguration;
			buildSettings = {
				ALWAYS_SEARCH_USER_PATHS = NO;
				CLANG_CXX_LANGUAGE_STANDARD = "gnu++0x";
				CLANG_CXX_LIBRARY = "libc++";
				CLANG_ENABLE_MODULES = YES;
				CLANG_ENABLE_OBJC_ARC = YES;
				CLANG_WARN_BOOL_CONVERSION = YES;
				CLANG_WARN_CONSTANT_CONVERSION = YES;
				CLANG_WARN_DIRECT_OBJC_ISA_USAGE = YES_ERROR;
				CLANG_WARN_EMPTY_BODY = YES;
				CLANG_WARN_ENUM_CONVERSION = YES;
				CLANG_WARN_INT_CONVERSION = YES;
				CLANG_WARN_OBJC_ROOT_CLASS = YES_ERROR;
				CLANG_WARN_UNREACHABLE_CODE = YES;
				CLANG_WARN__DUPLICATE_METHOD_MATCH = YES;
				"CODE_SIGN_IDENTITY[sdk=iphoneos*]" = "iPhone Developer";
				COPY_PHASE_STRIP = NO;
				DEBUG_INFORMATION_FORMAT = "dwarf-with-dsym";
				ENABLE_NS_ASSERTIONS = NO;
				ENABLE_STRICT_OBJC_MSGSEND = YES;
				GCC_C_LANGUAGE_STANDARD = gnu99;
				GCC_NO_COMMON_BLOCKS = YES;
				GCC_WARN_64_TO_32_BIT_CONVERSION = YES;
				GCC_WARN_ABOUT_RETURN_TYPE = YES_ERROR;
				GCC_WARN_UNDECLARED_SELECTOR = YES;
				GCC_WARN_UNINITIALIZED_AUTOS = YES_AGGRESSIVE;
				GCC_WARN_UNUSED_FUNCTION = YES;
				GCC_WARN_UNUSED_VARIABLE = YES;
				IPHONEOS_DEPLOYMENT_TARGET = 9.0;
				MTL_ENABLE_DEBUG_INFO = NO;
				SDKROOT = iphoneos;
				VALIDATE_PRODUCT = YES;
			};
			name = Release;
		};
		65C66D0A1B64F584004EB13B /* Debug */ = {
			isa = XCBuildConfiguration;
			buildSettings = {
				ASSETCATALOG_COMPILER_APPICON_NAME = AppIcon;
				INFOPLIST_FILE = "Swift12-8/Info.plist";
				LD_RUNPATH_SEARCH_PATHS = "$(inherited) @executable_path/Frameworks";
				PRODUCT_BUNDLE_IDENTIFIER = "com.wxhl.Swift12-8";
				PRODUCT_NAME = "$(TARGET_NAME)";
			};
			name = Debug;
		};
		65C66D0B1B64F584004EB13B /* Release */ = {
			isa = XCBuildConfiguration;
			buildSettings = {
				ASSETCATALOG_COMPILER_APPICON_NAME = AppIcon;
				INFOPLIST_FILE = "Swift12-8/Info.plist";
				LD_RUNPATH_SEARCH_PATHS = "$(inherited) @executable_path/Frameworks";
				PRODUCT_BUNDLE_IDENTIFIER = "com.wxhl.Swift12-8";
				PRODUCT_NAME = "$(TARGET_NAME)";
			};
			name = Release;
		};
/* End XCBuildConfiguration section */

/* Begin XCConfigurationList section */
		65C66CF21B64F584004EB13B /* Build configuration list for PBXProject "Swift12-8" */ = {
			isa = XCConfigurationList;
			buildConfigurations = (
				65C66D071B64F584004EB13B /* Debug */,
				65C66D081B64F584004EB13B /* Release */,
			);
			defaultConfigurationIsVisible = 0;
			defaultConfigurationName = Release;
		};
		65C66D091B64F584004EB13B /* Build configuration list for PBXNativeTarget "Swift12-8" */ = {
			isa = XCConfigurationList;
			buildConfigurations = (
				65C66D0A1B64F584004EB13B /* Debug */,
				65C66D0B1B64F584004EB13B /* Release */,
			);
			defaultConfigurationIsVisible = 0;
		};
/* End XCConfigurationList section */
	};
	rootObject = 65C66CEF1B64F584004EB13B /* Project object */;
}
