// !$*UTF8*$!
{
	archiveVersion = 1;
	classes = {
	};
	objectVersion = 46;
	objects = {

/* Begin PBXBuildFile section */
		65F6A2A91B977BFB0040A307 /* AppDelegate.swift in Sources */ = {isa = PBXBuildFile; fileRef = 65F6A2A81B977BFB0040A307 /* AppDelegate.swift */; };
		65F6A2AB1B977BFB0040A307 /* ViewController.swift in Sources */ = {isa = PBXBuildFile; fileRef = 65F6A2AA1B977BFB0040A307 /* ViewController.swift */; };
		65F6A2AE1B977BFB0040A307 /* Main.storyboard in Resources */ = {isa = PBXBuildFile; fileRef = 65F6A2AC1B977BFB0040A307 /* Main.storyboard */; };
		65F6A2B01B977BFB0040A307 /* Assets.xcassets in Resources */ = {isa = PBXBuildFile; fileRef = 65F6A2AF1B977BFB0040A307 /* Assets.xcassets */; };
		65F6A2B31B977BFB0040A307 /* LaunchScreen.storyboard in Resources */ = {isa = PBXBuildFile; fileRef = 65F6A2B11B977BFB0040A307 /* LaunchScreen.storyboard */; };
		65F6A2BE1B977BFB0040A307 /* Swift17_4Tests.swift in Sources */ = {isa = PBXBuildFile; fileRef = 65F6A2BD1B977BFB0040A307 /* Swift17_4Tests.swift */; };
		65F6A2C91B977BFB0040A307 /* Swift17_4UITests.swift in Sources */ = {isa = PBXBuildFile; fileRef = 65F6A2C81B977BFB0040A307 /* Swift17_4UITests.swift */; };
		65F6A2D71B977C280040A307 /* font.plist in Resources */ = {isa = PBXBuildFile; fileRef = 65F6A2D61B977C280040A307 /* font.plist */; };
/* End PBXBuildFile section */

/* Begin PBXContainerItemProxy section */
		65F6A2BA1B977BFB0040A307 /* PBXContainerItemProxy */ = {
			isa = PBXContainerItemProxy;
			containerPortal = 65F6A29D1B977BFB0040A307 /* Project object */;
			proxyType = 1;
			remoteGlobalIDString = 65F6A2A41B977BFB0040A307;
			remoteInfo = "Swift17-4";
		};
		65F6A2C51B977BFB0040A307 /* PBXContainerItemProxy */ = {
			isa = PBXContainerItemProxy;
			containerPortal = 65F6A29D1B977BFB0040A307 /* Project object */;
			proxyType = 1;
			remoteGlobalIDString = 65F6A2A41B977BFB0040A307;
			remoteInfo = "Swift17-4";
		};
/* End PBXContainerItemProxy section */

/* Begin PBXFileReference section */
		65F6A2A51B977BFB0040A307 /* Swift17-4.app */ = {isa = PBXFileReference; explicitFileType = wrapper.application; includeInIndex = 0; path = "Swift17-4.app"; sourceTree = BUILT_PRODUCTS_DIR; };
		65F6A2A81B977BFB0040A307 /* AppDelegate.swift */ = {isa = PBXFileReference; lastKnownFileType = sourcecode.swift; path = AppDelegate.swift; sourceTree = "<group>"; };
		65F6A2AA1B977BFB0040A307 /* ViewController.swift */ = {isa = PBXFileReference; lastKnownFileType = sourcecode.swift; path = ViewController.swift; sourceTree = "<group>"; };
		65F6A2AD1B977BFB0040A307 /* Base */ = {isa = PBXFileReference; lastKnownFileType = file.storyboard; name = Base; path = Base.lproj/Main.storyboard; sourceTree = "<group>"; };
		65F6A2AF1B977BFB0040A307 /* Assets.xcassets */ = {isa = PBXFileReference; lastKnownFileType = folder.assetcatalog; path = Assets.xcassets; sourceTree = "<group>"; };
		65F6A2B21B977BFB0040A307 /* Base */ = {isa = PBXFileReference; lastKnownFileType = file.storyboard; name = Base; path = Base.lproj/LaunchScreen.storyboard; sourceTree = "<group>"; };
		65F6A2B41B977BFB0040A307 /* Info.plist */ = {isa = PBXFileReference; lastKnownFileType = text.plist.xml; path = Info.plist; sourceTree = "<group>"; };
		65F6A2B91B977BFB0040A307 /* Swift17-4Tests.xctest */ = {isa = PBXFileReference; explicitFileType = wrapper.cfbundle; includeInIndex = 0; path = "Swift17-4Tests.xctest"; sourceTree = BUILT_PRODUCTS_DIR; };
		65F6A2BD1B977BFB0040A307 /* Swift17_4Tests.swift */ = {isa = PBXFileReference; lastKnownFileType = sourcecode.swift; path = Swift17_4Tests.swift; sourceTree = "<group>"; };
		65F6A2BF1B977BFB0040A307 /* Info.plist */ = {isa = PBXFileReference; lastKnownFileType = text.plist.xml; path = Info.plist; sourceTree = "<group>"; };
		65F6A2C41B977BFB0040A307 /* Swift17-4UITests.xctest */ = {isa = PBXFileReference; explicitFileType = wrapper.cfbundle; includeInIndex = 0; path = "Swift17-4UITests.xctest"; sourceTree = BUILT_PRODUCTS_DIR; };
		65F6A2C81B977BFB0040A307 /* Swift17_4UITests.swift */ = {isa = PBXFileReference; lastKnownFileType = sourcecode.swift; path = Swift17_4UITests.swift; sourceTree = "<group>"; };
		65F6A2CA1B977BFB0040A307 /* Info.plist */ = {isa = PBXFileReference; lastKnownFileType = text.plist.xml; path = Info.plist; sourceTree = "<group>"; };
		65F6A2D61B977C280040A307 /* font.plist */ = {isa = PBXFileReference; fileEncoding = 4; lastKnownFileType = text.plist.xml; path = font.plist; sourceTree = "<group>"; };
/* End PBXFileReference section */

/* Begin PBXFrameworksBuildPhase section */
		65F6A2A21B977BFB0040A307 /* Frameworks */ = {
			isa = PBXFrameworksBuildPhase;
			buildActionMask = 2147483647;
			files = (
			);
			runOnlyForDeploymentPostprocessing = 0;
		};
		65F6A2B61B977BFB0040A307 /* Frameworks */ = {
			isa = PBXFrameworksBuildPhase;
			buildActionMask = 2147483647;
			files = (
			);
			runOnlyForDeploymentPostprocessing = 0;
		};
		65F6A2C11B977BFB0040A307 /* Frameworks */ = {
			isa = PBXFrameworksBuildPhase;
			buildActionMask = 2147483647;
			files = (
			);
			runOnlyForDeploymentPostprocessing = 0;
		};
/* End PBXFrameworksBuildPhase section */

/* Begin PBXGroup section */
		65F6A29C1B977BFB0040A307 = {
			isa = PBXGroup;
			children = (
				65F6A2A71B977BFB0040A307 /* Swift17-4 */,
				65F6A2BC1B977BFB0040A307 /* Swift17-4Tests */,
				65F6A2C71B977BFB0040A307 /* Swift17-4UITests */,
				65F6A2A61B977BFB0040A307 /* Products */,
			);
			sourceTree = "<group>";
		};
		65F6A2A61B977BFB0040A307 /* Products */ = {
			isa = PBXGroup;
			children = (
				65F6A2A51B977BFB0040A307 /* Swift17-4.app */,
				65F6A2B91B977BFB0040A307 /* Swift17-4Tests.xctest */,
				65F6A2C41B977BFB0040A307 /* Swift17-4UITests.xctest */,
			);
			name = Products;
			sourceTree = "<group>";
		};
		65F6A2A71B977BFB0040A307 /* Swift17-4 */ = {
			isa = PBXGroup;
			children = (
				65F6A2D61B977C280040A307 /* font.plist */,
				65F6A2A81B977BFB0040A307 /* AppDelegate.swift */,
				65F6A2AA1B977BFB0040A307 /* ViewController.swift */,
				65F6A2AC1B977BFB0040A307 /* Main.storyboard */,
				65F6A2AF1B977BFB0040A307 /* Assets.xcassets */,
				65F6A2B11B977BFB0040A307 /* LaunchScreen.storyboard */,
				65F6A2B41B977BFB0040A307 /* Info.plist */,
			);
			path = "Swift17-4";
			sourceTree = "<group>";
		};
		65F6A2BC1B977BFB0040A307 /* Swift17-4Tests */ = {
			isa = PBXGroup;
			children = (
				65F6A2BD1B977BFB0040A307 /* Swift17_4Tests.swift */,
				65F6A2BF1B977BFB0040A307 /* Info.plist */,
			);
			path = "Swift17-4Tests";
			sourceTree = "<group>";
		};
		65F6A2C71B977BFB0040A307 /* Swift17-4UITests */ = {
			isa = PBXGroup;
			children = (
				65F6A2C81B977BFB0040A307 /* Swift17_4UITests.swift */,
				65F6A2CA1B977BFB0040A307 /* Info.plist */,
			);
			path = "Swift17-4UITests";
			sourceTree = "<group>";
		};
/* End PBXGroup section */

/* Begin PBXNativeTarget section */
		65F6A2A41B977BFB0040A307 /* Swift17-4 */ = {
			isa = PBXNativeTarget;
			buildConfigurationList = 65F6A2CD1B977BFB0040A307 /* Build configuration list for PBXNativeTarget "Swift17-4" */;
			buildPhases = (
				65F6A2A11B977BFB0040A307 /* Sources */,
				65F6A2A21B977BFB0040A307 /* Frameworks */,
				65F6A2A31B977BFB0040A307 /* Resources */,
			);
			buildRules = (
			);
			dependencies = (
			);
			name = "Swift17-4";
			productName = "Swift17-4";
			productReference = 65F6A2A51B977BFB0040A307 /* Swift17-4.app */;
			productType = "com.apple.product-type.application";
		};
		65F6A2B81B977BFB0040A307 /* Swift17-4Tests */ = {
			isa = PBXNativeTarget;
			buildConfigurationList = 65F6A2D01B977BFB0040A307 /* Build configuration list for PBXNativeTarget "Swift17-4Tests" */;
			buildPhases = (
				65F6A2B51B977BFB0040A307 /* Sources */,
				65F6A2B61B977BFB0040A307 /* Frameworks */,
				65F6A2B71B977BFB0040A307 /* Resources */,
			);
			buildRules = (
			);
			dependencies = (
				65F6A2BB1B977BFB0040A307 /* PBXTargetDependency */,
			);
			name = "Swift17-4Tests";
			productName = "Swift17-4Tests";
			productReference = 65F6A2B91B977BFB0040A307 /* Swift17-4Tests.xctest */;
			productType = "com.apple.product-type.bundle.unit-test";
		};
		65F6A2C31B977BFB0040A307 /* Swift17-4UITests */ = {
			isa = PBXNativeTarget;
			buildConfigurationList = 65F6A2D31B977BFB0040A307 /* Build configuration list for PBXNativeTarget "Swift17-4UITests" */;
			buildPhases = (
				65F6A2C01B977BFB0040A307 /* Sources */,
				65F6A2C11B977BFB0040A307 /* Frameworks */,
				65F6A2C21B977BFB0040A307 /* Resources */,
			);
			buildRules = (
			);
			dependencies = (
				65F6A2C61B977BFB0040A307 /* PBXTargetDependency */,
			);
			name = "Swift17-4UITests";
			productName = "Swift17-4UITests";
			productReference = 65F6A2C41B977BFB0040A307 /* Swift17-4UITests.xctest */;
			productType = "com.apple.product-type.bundle.ui-testing";
		};
/* End PBXNativeTarget section */

/* Begin PBXProject section */
		65F6A29D1B977BFB0040A307 /* Project object */ = {
			isa = PBXProject;
			attributes = {
				LastUpgradeCheck = 0700;
				ORGANIZATIONNAME = keyzhang;
				TargetAttributes = {
					65F6A2A41B977BFB0040A307 = {
						CreatedOnToolsVersion = 7.0;
					};
					65F6A2B81B977BFB0040A307 = {
						CreatedOnToolsVersion = 7.0;
						TestTargetID = 65F6A2A41B977BFB0040A307;
					};
					65F6A2C31B977BFB0040A307 = {
						CreatedOnToolsVersion = 7.0;
						TestTargetID = 65F6A2A41B977BFB0040A307;
					};
				};
			};
			buildConfigurationList = 65F6A2A01B977BFB0040A307 /* Build configuration list for PBXProject "Swift17-4" */;
			compatibilityVersion = "Xcode 3.2";
			developmentRegion = English;
			hasScannedForEncodings = 0;
			knownRegions = (
				en,
				Base,
			);
			mainGroup = 65F6A29C1B977BFB0040A307;
			productRefGroup = 65F6A2A61B977BFB0040A307 /* Products */;
			projectDirPath = "";
			projectRoot = "";
			targets = (
				65F6A2A41B977BFB0040A307 /* Swift17-4 */,
				65F6A2B81B977BFB0040A307 /* Swift17-4Tests */,
				65F6A2C31B977BFB0040A307 /* Swift17-4UITests */,
			);
		};
/* End PBXProject section */

/* Begin PBXResourcesBuildPhase section */
		65F6A2A31B977BFB0040A307 /* Resources */ = {
			isa = PBXResourcesBuildPhase;
			buildActionMask = 2147483647;
			files = (
				65F6A2B31B977BFB0040A307 /* LaunchScreen.storyboard in Resources */,
				65F6A2B01B977BFB0040A307 /* Assets.xcassets in Resources */,
				65F6A2AE1B977BFB0040A307 /* Main.storyboard in Resources */,
				65F6A2D71B977C280040A307 /* font.plist in Resources */,
			);
			runOnlyForDeploymentPostprocessing = 0;
		};
		65F6A2B71B977BFB0040A307 /* Resources */ = {
			isa = PBXResourcesBuildPhase;
			buildActionMask = 2147483647;
			files = (
			);
			runOnlyForDeploymentPostprocessing = 0;
		};
		65F6A2C21B977BFB0040A307 /* Resources */ = {
			isa = PBXResourcesBuildPhase;
			buildActionMask = 2147483647;
			files = (
			);
			runOnlyForDeploymentPostprocessing = 0;
		};
/* End PBXResourcesBuildPhase section */

/* Begin PBXSourcesBuildPhase section */
		65F6A2A11B977BFB0040A307 /* Sources */ = {
			isa = PBXSourcesBuildPhase;
			buildActionMask = 2147483647;
			files = (
				65F6A2AB1B977BFB0040A307 /* ViewController.swift in Sources */,
				65F6A2A91B977BFB0040A307 /* AppDelegate.swift in Sources */,
			);
			runOnlyForDeploymentPostprocessing = 0;
		};
		65F6A2B51B977BFB0040A307 /* Sources */ = {
			isa = PBXSourcesBuildPhase;
			buildActionMask = 2147483647;
			files = (
				65F6A2BE1B977BFB0040A307 /* Swift17_4Tests.swift in Sources */,
			);
			runOnlyForDeploymentPostprocessing = 0;
		};
		65F6A2C01B977BFB0040A307 /* Sources */ = {
			isa = PBXSourcesBuildPhase;
			buildActionMask = 2147483647;
			files = (
				65F6A2C91B977BFB0040A307 /* Swift17_4UITests.swift in Sources */,
			);
			runOnlyForDeploymentPostprocessing = 0;
		};
/* End PBXSourcesBuildPhase section */

/* Begin PBXTargetDependency section */
		65F6A2BB1B977BFB0040A307 /* PBXTargetDependency */ = {
			isa = PBXTargetDependency;
			target = 65F6A2A41B977BFB0040A307 /* Swift17-4 */;
			targetProxy = 65F6A2BA1B977BFB0040A307 /* PBXContainerItemProxy */;
		};
		65F6A2C61B977BFB0040A307 /* PBXTargetDependency */ = {
			isa = PBXTargetDependency;
			target = 65F6A2A41B977BFB0040A307 /* Swift17-4 */;
			targetProxy = 65F6A2C51B977BFB0040A307 /* PBXContainerItemProxy */;
		};
/* End PBXTargetDependency section */

/* Begin PBXVariantGroup section */
		65F6A2AC1B977BFB0040A307 /* Main.storyboard */ = {
			isa = PBXVariantGroup;
			children = (
				65F6A2AD1B977BFB0040A307 /* Base */,
			);
			name = Main.storyboard;
			sourceTree = "<group>";
		};
		65F6A2B11B977BFB0040A307 /* LaunchScreen.storyboard */ = {
			isa = PBXVariantGroup;
			children = (
				65F6A2B21B977BFB0040A307 /* Base */,
			);
			name = LaunchScreen.storyboard;
			sourceTree = "<group>";
		};
/* End PBXVariantGroup section */

/* Begin XCBuildConfiguration section */
		65F6A2CB1B977BFB0040A307 /* Debug */ = {
			isa = XCBuildConfiguration;
			buildSettings = {
				ALWAYS_SEARCH_USER_PATHS = NO;
				CLANG_CXX_LANGUAGE_STANDARD = "gnu++0x";
				CLANG_CXX_LIBRARY = "libc++";
				CLANG_ENABLE_MODULES = YES;
				CLANG_ENABLE_OBJC_ARC = YES;
				CLANG_WARN_BOOL_CONVERSION = YES;
				CLANG_WARN_CONSTANT_CONVERSION = YES;
				CLANG_WARN_DIRECT_OBJC_ISA_USAGE = YES_ERROR;
				CLANG_WARN_EMPTY_BODY = YES;
				CLANG_WARN_ENUM_CONVERSION = YES;
				CLANG_WARN_INT_CONVERSION = YES;
				CLANG_WARN_OBJC_ROOT_CLASS = YES_ERROR;
				CLANG_WARN_UNREACHABLE_CODE = YES;
				CLANG_WARN__DUPLICATE_METHOD_MATCH = YES;
				"CODE_SIGN_IDENTITY[sdk=iphoneos*]" = "iPhone Developer";
				COPY_PHASE_STRIP = NO;
				DEBUG_INFORMATION_FORMAT = dwarf;
				ENABLE_STRICT_OBJC_MSGSEND = YES;
				ENABLE_TESTABILITY = YES;
				GCC_C_LANGUAGE_STANDARD = gnu99;
				GCC_DYNAMIC_NO_PIC = NO;
				GCC_NO_COMMON_BLOCKS = YES;
				GCC_OPTIMIZATION_LEVEL = 0;
				GCC_PREPROCESSOR_DEFINITIONS = (
					"DEBUG=1",
					"$(inherited)",
				);
				GCC_WARN_64_TO_32_BIT_CONVERSION = YES;
				GCC_WARN_ABOUT_RETURN_TYPE = YES_ERROR;
				GCC_WARN_UNDECLARED_SELECTOR = YES;
				GCC_WARN_UNINITIALIZED_AUTOS = YES_AGGRESSIVE;
				GCC_WARN_UNUSED_FUNCTION = YES;
				GCC_WARN_UNUSED_VARIABLE = YES;
				IPHONEOS_DEPLOYMENT_TARGET = 9.0;
				MTL_ENABLE_DEBUG_INFO = YES;
				ONLY_ACTIVE_ARCH = YES;
				SDKROOT = iphoneos;
				SWIFT_OPTIMIZATION_LEVEL = "-Onone";
			};
			name = Debug;
		};
		65F6A2CC1B977BFB0040A307 /* Release */ = {
			isa = XCBuildConfiguration;
			buildSettings = {
				ALWAYS_SEARCH_USER_PATHS = NO;
				CLANG_CXX_LANGUAGE_STANDARD = "gnu++0x";
				CLANG_CXX_LIBRARY = "libc++";
				CLANG_ENABLE_MODULES = YES;
				CLANG_ENABLE_OBJC_ARC = YES;
				CLANG_WARN_BOOL_CONVERSION = YES;
				CLANG_WARN_CONSTANT_CONVERSION = YES;
				CLANG_WARN_DIRECT_OBJC_ISA_USAGE = YES_ERROR;
				CLANG_WARN_EMPTY_BODY = YES;
				CLANG_WARN_ENUM_CONVERSION = YES;
				CLANG_WARN_INT_CONVERSION = YES;
				CLANG_WARN_OBJC_ROOT_CLASS = YES_ERROR;
				CLANG_WARN_UNREACHABLE_CODE = YES;
				CLANG_WARN__DUPLICATE_METHOD_MATCH = YES;
				"CODE_SIGN_IDENTITY[sdk=iphoneos*]" = "iPhone Developer";
				COPY_PHASE_STRIP = NO;
				DEBUG_INFORMATION_FORMAT = "dwarf-with-dsym";
				ENABLE_NS_ASSERTIONS = NO;
				ENABLE_STRICT_OBJC_MSGSEND = YES;
				GCC_C_LANGUAGE_STANDARD = gnu99;
				GCC_NO_COMMON_BLOCKS = YES;
				GCC_WARN_64_TO_32_BIT_CONVERSION = YES;
				GCC_WARN_ABOUT_RETURN_TYPE = YES_ERROR;
				GCC_WARN_UNDECLARED_SELECTOR = YES;
				GCC_WARN_UNINITIALIZED_AUTOS = YES_AGGRESSIVE;
				GCC_WARN_UNUSED_FUNCTION = YES;
				GCC_WARN_UNUSED_VARIABLE = YES;
				IPHONEOS_DEPLOYMENT_TARGET = 9.0;
				MTL_ENABLE_DEBUG_INFO = NO;
				SDKROOT = iphoneos;
				VALIDATE_PRODUCT = YES;
			};
			name = Release;
		};
		65F6A2CE1B977BFB0040A307 /* Debug */ = {
			isa = XCBuildConfiguration;
			buildSettings = {
				ASSETCATALOG_COMPILER_APPICON_NAME = AppIcon;
				INFOPLIST_FILE = "Swift17-4/Info.plist";
				LD_RUNPATH_SEARCH_PATHS = "$(inherited) @executable_path/Frameworks";
				PRODUCT_BUNDLE_IDENTIFIER = "com.wxhl.Swift17-4";
				PRODUCT_NAME = "$(TARGET_NAME)";
			};
			name = Debug;
		};
		65F6A2CF1B977BFB0040A307 /* Release */ = {
			isa = XCBuildConfiguration;
			buildSettings = {
				ASSETCATALOG_COMPILER_APPICON_NAME = AppIcon;
				INFOPLIST_FILE = "Swift17-4/Info.plist";
				LD_RUNPATH_SEARCH_PATHS = "$(inherited) @executable_path/Frameworks";
				PRODUCT_BUNDLE_IDENTIFIER = "com.wxhl.Swift17-4";
				PRODUCT_NAME = "$(TARGET_NAME)";
			};
			name = Release;
		};
		65F6A2D11B977BFB0040A307 /* Debug */ = {
			isa = XCBuildConfiguration;
			buildSettings = {
				BUNDLE_LOADER = "$(TEST_HOST)";
				INFOPLIST_FILE = "Swift17-4Tests/Info.plist";
				LD_RUNPATH_SEARCH_PATHS = "$(inherited) @executable_path/Frameworks @loader_path/Frameworks";
				PRODUCT_BUNDLE_IDENTIFIER = "com.wxhl.Swift17-4Tests";
				PRODUCT_NAME = "$(TARGET_NAME)";
				TEST_HOST = "$(BUILT_PRODUCTS_DIR)/Swift17-4.app/Swift17-4";
			};
			name = Debug;
		};
		65F6A2D21B977BFB0040A307 /* Release */ = {
			isa = XCBuildConfiguration;
			buildSettings = {
				BUNDLE_LOADER = "$(TEST_HOST)";
				INFOPLIST_FILE = "Swift17-4Tests/Info.plist";
				LD_RUNPATH_SEARCH_PATHS = "$(inherited) @executable_path/Frameworks @loader_path/Frameworks";
				PRODUCT_BUNDLE_IDENTIFIER = "com.wxhl.Swift17-4Tests";
				PRODUCT_NAME = "$(TARGET_NAME)";
				TEST_HOST = "$(BUILT_PRODUCTS_DIR)/Swift17-4.app/Swift17-4";
			};
			name = Release;
		};
		65F6A2D41B977BFB0040A307 /* Debug */ = {
			isa = XCBuildConfiguration;
			buildSettings = {
				INFOPLIST_FILE = "Swift17-4UITests/Info.plist";
				LD_RUNPATH_SEARCH_PATHS = "$(inherited) @executable_path/Frameworks @loader_path/Frameworks";
				PRODUCT_BUNDLE_IDENTIFIER = "com.wxhl.Swift17-4UITests";
				PRODUCT_NAME = "$(TARGET_NAME)";
				TEST_TARGET_NAME = "Swift17-4";
				USES_XCTRUNNER = YES;
			};
			name = Debug;
		};
		65F6A2D51B977BFB0040A307 /* Release */ = {
			isa = XCBuildConfiguration;
			buildSettings = {
				INFOPLIST_FILE = "Swift17-4UITests/Info.plist";
				LD_RUNPATH_SEARCH_PATHS = "$(inherited) @executable_path/Frameworks @loader_path/Frameworks";
				PRODUCT_BUNDLE_IDENTIFIER = "com.wxhl.Swift17-4UITests";
				PRODUCT_NAME = "$(TARGET_NAME)";
				TEST_TARGET_NAME = "Swift17-4";
				USES_XCTRUNNER = YES;
			};
			name = Release;
		};
/* End XCBuildConfiguration section */

/* Begin XCConfigurationList section */
		65F6A2A01B977BFB0040A307 /* Build configuration list for PBXProject "Swift17-4" */ = {
			isa = XCConfigurationList;
			buildConfigurations = (
				65F6A2CB1B977BFB0040A307 /* Debug */,
				65F6A2CC1B977BFB0040A307 /* Release */,
			);
			defaultConfigurationIsVisible = 0;
			defaultConfigurationName = Release;
		};
		65F6A2CD1B977BFB0040A307 /* Build configuration list for PBXNativeTarget "Swift17-4" */ = {
			isa = XCConfigurationList;
			buildConfigurations = (
				65F6A2CE1B977BFB0040A307 /* Debug */,
				65F6A2CF1B977BFB0040A307 /* Release */,
			);
			defaultConfigurationIsVisible = 0;
		};
		65F6A2D01B977BFB0040A307 /* Build configuration list for PBXNativeTarget "Swift17-4Tests" */ = {
			isa = XCConfigurationList;
			buildConfigurations = (
				65F6A2D11B977BFB0040A307 /* Debug */,
				65F6A2D21B977BFB0040A307 /* Release */,
			);
			defaultConfigurationIsVisible = 0;
		};
		65F6A2D31B977BFB0040A307 /* Build configuration list for PBXNativeTarget "Swift17-4UITests" */ = {
			isa = XCConfigurationList;
			buildConfigurations = (
				65F6A2D41B977BFB0040A307 /* Debug */,
				65F6A2D51B977BFB0040A307 /* Release */,
			);
			defaultConfigurationIsVisible = 0;
		};
/* End XCConfigurationList section */
	};
	rootObject = 65F6A29D1B977BFB0040A307 /* Project object */;
}
