// !$*UTF8*$!
{
	archiveVersion = 1;
	classes = {
	};
	objectVersion = 46;
	objects = {

/* Begin PBXBuildFile section */
		659B3FD51AD6877C00FF4FAC /* AppDelegate.swift in Sources */ = {isa = PBXBuildFile; fileRef = 659B3FD41AD6877C00FF4FAC /* AppDelegate.swift */; };
		659B3FD71AD6877C00FF4FAC /* ViewController.swift in Sources */ = {isa = PBXBuildFile; fileRef = 659B3FD61AD6877C00FF4FAC /* ViewController.swift */; };
		659B3FDA1AD6877C00FF4FAC /* Main.storyboard in Resources */ = {isa = PBXBuildFile; fileRef = 659B3FD81AD6877C00FF4FAC /* Main.storyboard */; };
		659B3FDC1AD6877C00FF4FAC /* Images.xcassets in Resources */ = {isa = PBXBuildFile; fileRef = 659B3FDB1AD6877C00FF4FAC /* Images.xcassets */; };
		659B3FDF1AD6877C00FF4FAC /* LaunchScreen.xib in Resources */ = {isa = PBXBuildFile; fileRef = 659B3FDD1AD6877C00FF4FAC /* LaunchScreen.xib */; };
		659B3FEB1AD6877C00FF4FAC /* UI09_task_01_swiftTests.swift in Sources */ = {isa = PBXBuildFile; fileRef = 659B3FEA1AD6877C00FF4FAC /* UI09_task_01_swiftTests.swift */; };
		659B3FF51AD6878F00FF4FAC /* MyView.swift in Sources */ = {isa = PBXBuildFile; fileRef = 659B3FF41AD6878F00FF4FAC /* MyView.swift */; };
/* End PBXBuildFile section */

/* Begin PBXContainerItemProxy section */
		659B3FE51AD6877C00FF4FAC /* PBXContainerItemProxy */ = {
			isa = PBXContainerItemProxy;
			containerPortal = 659B3FC71AD6877C00FF4FAC /* Project object */;
			proxyType = 1;
			remoteGlobalIDString = 659B3FCE1AD6877C00FF4FAC;
			remoteInfo = "UI09-task-01-swift";
		};
/* End PBXContainerItemProxy section */

/* Begin PBXFileReference section */
		659B3FCF1AD6877C00FF4FAC /* UI09-task-01-swift.app */ = {isa = PBXFileReference; explicitFileType = wrapper.application; includeInIndex = 0; path = "UI09-task-01-swift.app"; sourceTree = BUILT_PRODUCTS_DIR; };
		659B3FD31AD6877C00FF4FAC /* Info.plist */ = {isa = PBXFileReference; lastKnownFileType = text.plist.xml; path = Info.plist; sourceTree = "<group>"; };
		659B3FD41AD6877C00FF4FAC /* AppDelegate.swift */ = {isa = PBXFileReference; lastKnownFileType = sourcecode.swift; path = AppDelegate.swift; sourceTree = "<group>"; };
		659B3FD61AD6877C00FF4FAC /* ViewController.swift */ = {isa = PBXFileReference; lastKnownFileType = sourcecode.swift; path = ViewController.swift; sourceTree = "<group>"; };
		659B3FD91AD6877C00FF4FAC /* Base */ = {isa = PBXFileReference; lastKnownFileType = file.storyboard; name = Base; path = Base.lproj/Main.storyboard; sourceTree = "<group>"; };
		659B3FDB1AD6877C00FF4FAC /* Images.xcassets */ = {isa = PBXFileReference; lastKnownFileType = folder.assetcatalog; path = Images.xcassets; sourceTree = "<group>"; };
		659B3FDE1AD6877C00FF4FAC /* Base */ = {isa = PBXFileReference; lastKnownFileType = file.xib; name = Base; path = Base.lproj/LaunchScreen.xib; sourceTree = "<group>"; };
		659B3FE41AD6877C00FF4FAC /* UI09-task-01-swiftTests.xctest */ = {isa = PBXFileReference; explicitFileType = wrapper.cfbundle; includeInIndex = 0; path = "UI09-task-01-swiftTests.xctest"; sourceTree = BUILT_PRODUCTS_DIR; };
		659B3FE91AD6877C00FF4FAC /* Info.plist */ = {isa = PBXFileReference; lastKnownFileType = text.plist.xml; path = Info.plist; sourceTree = "<group>"; };
		659B3FEA1AD6877C00FF4FAC /* UI09_task_01_swiftTests.swift */ = {isa = PBXFileReference; lastKnownFileType = sourcecode.swift; path = UI09_task_01_swiftTests.swift; sourceTree = "<group>"; };
		659B3FF41AD6878F00FF4FAC /* MyView.swift */ = {isa = PBXFileReference; fileEncoding = 4; lastKnownFileType = sourcecode.swift; path = MyView.swift; sourceTree = "<group>"; };
/* End PBXFileReference section */

/* Begin PBXFrameworksBuildPhase section */
		659B3FCC1AD6877C00FF4FAC /* Frameworks */ = {
			isa = PBXFrameworksBuildPhase;
			buildActionMask = 2147483647;
			files = (
			);
			runOnlyForDeploymentPostprocessing = 0;
		};
		659B3FE11AD6877C00FF4FAC /* Frameworks */ = {
			isa = PBXFrameworksBuildPhase;
			buildActionMask = 2147483647;
			files = (
			);
			runOnlyForDeploymentPostprocessing = 0;
		};
/* End PBXFrameworksBuildPhase section */

/* Begin PBXGroup section */
		659B3FC61AD6877C00FF4FAC = {
			isa = PBXGroup;
			children = (
				659B3FD11AD6877C00FF4FAC /* UI09-task-01-swift */,
				659B3FE71AD6877C00FF4FAC /* UI09-task-01-swiftTests */,
				659B3FD01AD6877C00FF4FAC /* Products */,
			);
			sourceTree = "<group>";
		};
		659B3FD01AD6877C00FF4FAC /* Products */ = {
			isa = PBXGroup;
			children = (
				659B3FCF1AD6877C00FF4FAC /* UI09-task-01-swift.app */,
				659B3FE41AD6877C00FF4FAC /* UI09-task-01-swiftTests.xctest */,
			);
			name = Products;
			sourceTree = "<group>";
		};
		659B3FD11AD6877C00FF4FAC /* UI09-task-01-swift */ = {
			isa = PBXGroup;
			children = (
				659B3FD41AD6877C00FF4FAC /* AppDelegate.swift */,
				659B3FD61AD6877C00FF4FAC /* ViewController.swift */,
				659B3FF41AD6878F00FF4FAC /* MyView.swift */,
				659B3FD81AD6877C00FF4FAC /* Main.storyboard */,
				659B3FDB1AD6877C00FF4FAC /* Images.xcassets */,
				659B3FDD1AD6877C00FF4FAC /* LaunchScreen.xib */,
				659B3FD21AD6877C00FF4FAC /* Supporting Files */,
			);
			path = "UI09-task-01-swift";
			sourceTree = "<group>";
		};
		659B3FD21AD6877C00FF4FAC /* Supporting Files */ = {
			isa = PBXGroup;
			children = (
				659B3FD31AD6877C00FF4FAC /* Info.plist */,
			);
			name = "Supporting Files";
			sourceTree = "<group>";
		};
		659B3FE71AD6877C00FF4FAC /* UI09-task-01-swiftTests */ = {
			isa = PBXGroup;
			children = (
				659B3FEA1AD6877C00FF4FAC /* UI09_task_01_swiftTests.swift */,
				659B3FE81AD6877C00FF4FAC /* Supporting Files */,
			);
			path = "UI09-task-01-swiftTests";
			sourceTree = "<group>";
		};
		659B3FE81AD6877C00FF4FAC /* Supporting Files */ = {
			isa = PBXGroup;
			children = (
				659B3FE91AD6877C00FF4FAC /* Info.plist */,
			);
			name = "Supporting Files";
			sourceTree = "<group>";
		};
/* End PBXGroup section */

/* Begin PBXNativeTarget section */
		659B3FCE1AD6877C00FF4FAC /* UI09-task-01-swift */ = {
			isa = PBXNativeTarget;
			buildConfigurationList = 659B3FEE1AD6877C00FF4FAC /* Build configuration list for PBXNativeTarget "UI09-task-01-swift" */;
			buildPhases = (
				659B3FCB1AD6877C00FF4FAC /* Sources */,
				659B3FCC1AD6877C00FF4FAC /* Frameworks */,
				659B3FCD1AD6877C00FF4FAC /* Resources */,
			);
			buildRules = (
			);
			dependencies = (
			);
			name = "UI09-task-01-swift";
			productName = "UI09-task-01-swift";
			productReference = 659B3FCF1AD6877C00FF4FAC /* UI09-task-01-swift.app */;
			productType = "com.apple.product-type.application";
		};
		659B3FE31AD6877C00FF4FAC /* UI09-task-01-swiftTests */ = {
			isa = PBXNativeTarget;
			buildConfigurationList = 659B3FF11AD6877C00FF4FAC /* Build configuration list for PBXNativeTarget "UI09-task-01-swiftTests" */;
			buildPhases = (
				659B3FE01AD6877C00FF4FAC /* Sources */,
				659B3FE11AD6877C00FF4FAC /* Frameworks */,
				659B3FE21AD6877C00FF4FAC /* Resources */,
			);
			buildRules = (
			);
			dependencies = (
				659B3FE61AD6877C00FF4FAC /* PBXTargetDependency */,
			);
			name = "UI09-task-01-swiftTests";
			productName = "UI09-task-01-swiftTests";
			productReference = 659B3FE41AD6877C00FF4FAC /* UI09-task-01-swiftTests.xctest */;
			productType = "com.apple.product-type.bundle.unit-test";
		};
/* End PBXNativeTarget section */

/* Begin PBXProject section */
		659B3FC71AD6877C00FF4FAC /* Project object */ = {
			isa = PBXProject;
			attributes = {
				LastSwiftMigration = 0700;
				LastSwiftUpdateCheck = 0700;
				LastUpgradeCheck = 0620;
				ORGANIZATIONNAME = keyzhang;
				TargetAttributes = {
					659B3FCE1AD6877C00FF4FAC = {
						CreatedOnToolsVersion = 6.2;
					};
					659B3FE31AD6877C00FF4FAC = {
						CreatedOnToolsVersion = 6.2;
						TestTargetID = 659B3FCE1AD6877C00FF4FAC;
					};
				};
			};
			buildConfigurationList = 659B3FCA1AD6877C00FF4FAC /* Build configuration list for PBXProject "UI09-task-01-swift" */;
			compatibilityVersion = "Xcode 3.2";
			developmentRegion = English;
			hasScannedForEncodings = 0;
			knownRegions = (
				en,
				Base,
			);
			mainGroup = 659B3FC61AD6877C00FF4FAC;
			productRefGroup = 659B3FD01AD6877C00FF4FAC /* Products */;
			projectDirPath = "";
			projectRoot = "";
			targets = (
				659B3FCE1AD6877C00FF4FAC /* UI09-task-01-swift */,
				659B3FE31AD6877C00FF4FAC /* UI09-task-01-swiftTests */,
			);
		};
/* End PBXProject section */

/* Begin PBXResourcesBuildPhase section */
		659B3FCD1AD6877C00FF4FAC /* Resources */ = {
			isa = PBXResourcesBuildPhase;
			buildActionMask = 2147483647;
			files = (
				659B3FDA1AD6877C00FF4FAC /* Main.storyboard in Resources */,
				659B3FDF1AD6877C00FF4FAC /* LaunchScreen.xib in Resources */,
				659B3FDC1AD6877C00FF4FAC /* Images.xcassets in Resources */,
			);
			runOnlyForDeploymentPostprocessing = 0;
		};
		659B3FE21AD6877C00FF4FAC /* Resources */ = {
			isa = PBXResourcesBuildPhase;
			buildActionMask = 2147483647;
			files = (
			);
			runOnlyForDeploymentPostprocessing = 0;
		};
/* End PBXResourcesBuildPhase section */

/* Begin PBXSourcesBuildPhase section */
		659B3FCB1AD6877C00FF4FAC /* Sources */ = {
			isa = PBXSourcesBuildPhase;
			buildActionMask = 2147483647;
			files = (
				659B3FF51AD6878F00FF4FAC /* MyView.swift in Sources */,
				659B3FD71AD6877C00FF4FAC /* ViewController.swift in Sources */,
				659B3FD51AD6877C00FF4FAC /* AppDelegate.swift in Sources */,
			);
			runOnlyForDeploymentPostprocessing = 0;
		};
		659B3FE01AD6877C00FF4FAC /* Sources */ = {
			isa = PBXSourcesBuildPhase;
			buildActionMask = 2147483647;
			files = (
				659B3FEB1AD6877C00FF4FAC /* UI09_task_01_swiftTests.swift in Sources */,
			);
			runOnlyForDeploymentPostprocessing = 0;
		};
/* End PBXSourcesBuildPhase section */

/* Begin PBXTargetDependency section */
		659B3FE61AD6877C00FF4FAC /* PBXTargetDependency */ = {
			isa = PBXTargetDependency;
			target = 659B3FCE1AD6877C00FF4FAC /* UI09-task-01-swift */;
			targetProxy = 659B3FE51AD6877C00FF4FAC /* PBXContainerItemProxy */;
		};
/* End PBXTargetDependency section */

/* Begin PBXVariantGroup section */
		659B3FD81AD6877C00FF4FAC /* Main.storyboard */ = {
			isa = PBXVariantGroup;
			children = (
				659B3FD91AD6877C00FF4FAC /* Base */,
			);
			name = Main.storyboard;
			sourceTree = "<group>";
		};
		659B3FDD1AD6877C00FF4FAC /* LaunchScreen.xib */ = {
			isa = PBXVariantGroup;
			children = (
				659B3FDE1AD6877C00FF4FAC /* Base */,
			);
			name = LaunchScreen.xib;
			sourceTree = "<group>";
		};
/* End PBXVariantGroup section */

/* Begin XCBuildConfiguration section */
		659B3FEC1AD6877C00FF4FAC /* Debug */ = {
			isa = XCBuildConfiguration;
			buildSettings = {
				ALWAYS_SEARCH_USER_PATHS = NO;
				CLANG_CXX_LANGUAGE_STANDARD = "gnu++0x";
				CLANG_CXX_LIBRARY = "libc++";
				CLANG_ENABLE_MODULES = YES;
				CLANG_ENABLE_OBJC_ARC = YES;
				CLANG_WARN_BOOL_CONVERSION = YES;
				CLANG_WARN_CONSTANT_CONVERSION = YES;
				CLANG_WARN_DIRECT_OBJC_ISA_USAGE = YES_ERROR;
				CLANG_WARN_EMPTY_BODY = YES;
				CLANG_WARN_ENUM_CONVERSION = YES;
				CLANG_WARN_INT_CONVERSION = YES;
				CLANG_WARN_OBJC_ROOT_CLASS = YES_ERROR;
				CLANG_WARN_UNREACHABLE_CODE = YES;
				CLANG_WARN__DUPLICATE_METHOD_MATCH = YES;
				"CODE_SIGN_IDENTITY[sdk=iphoneos*]" = "iPhone Developer";
				COPY_PHASE_STRIP = NO;
				ENABLE_STRICT_OBJC_MSGSEND = YES;
				GCC_C_LANGUAGE_STANDARD = gnu99;
				GCC_DYNAMIC_NO_PIC = NO;
				GCC_OPTIMIZATION_LEVEL = 0;
				GCC_PREPROCESSOR_DEFINITIONS = (
					"DEBUG=1",
					"$(inherited)",
				);
				GCC_SYMBOLS_PRIVATE_EXTERN = NO;
				GCC_WARN_64_TO_32_BIT_CONVERSION = YES;
				GCC_WARN_ABOUT_RETURN_TYPE = YES_ERROR;
				GCC_WARN_UNDECLARED_SELECTOR = YES;
				GCC_WARN_UNINITIALIZED_AUTOS = YES_AGGRESSIVE;
				GCC_WARN_UNUSED_FUNCTION = YES;
				GCC_WARN_UNUSED_VARIABLE = YES;
				IPHONEOS_DEPLOYMENT_TARGET = 8.2;
				MTL_ENABLE_DEBUG_INFO = YES;
				ONLY_ACTIVE_ARCH = YES;
				SDKROOT = iphoneos;
				SWIFT_OPTIMIZATION_LEVEL = "-Onone";
			};
			name = Debug;
		};
		659B3FED1AD6877C00FF4FAC /* Release */ = {
			isa = XCBuildConfiguration;
			buildSettings = {
				ALWAYS_SEARCH_USER_PATHS = NO;
				CLANG_CXX_LANGUAGE_STANDARD = "gnu++0x";
				CLANG_CXX_LIBRARY = "libc++";
				CLANG_ENABLE_MODULES = YES;
				CLANG_ENABLE_OBJC_ARC = YES;
				CLANG_WARN_BOOL_CONVERSION = YES;
				CLANG_WARN_CONSTANT_CONVERSION = YES;
				CLANG_WARN_DIRECT_OBJC_ISA_USAGE = YES_ERROR;
				CLANG_WARN_EMPTY_BODY = YES;
				CLANG_WARN_ENUM_CONVERSION = YES;
				CLANG_WARN_INT_CONVERSION = YES;
				CLANG_WARN_OBJC_ROOT_CLASS = YES_ERROR;
				CLANG_WARN_UNREACHABLE_CODE = YES;
				CLANG_WARN__DUPLICATE_METHOD_MATCH = YES;
				"CODE_SIGN_IDENTITY[sdk=iphoneos*]" = "iPhone Developer";
				COPY_PHASE_STRIP = NO;
				ENABLE_NS_ASSERTIONS = NO;
				ENABLE_STRICT_OBJC_MSGSEND = YES;
				GCC_C_LANGUAGE_STANDARD = gnu99;
				GCC_WARN_64_TO_32_BIT_CONVERSION = YES;
				GCC_WARN_ABOUT_RETURN_TYPE = YES_ERROR;
				GCC_WARN_UNDECLARED_SELECTOR = YES;
				GCC_WARN_UNINITIALIZED_AUTOS = YES_AGGRESSIVE;
				GCC_WARN_UNUSED_FUNCTION = YES;
				GCC_WARN_UNUSED_VARIABLE = YES;
				IPHONEOS_DEPLOYMENT_TARGET = 8.2;
				MTL_ENABLE_DEBUG_INFO = NO;
				SDKROOT = iphoneos;
				VALIDATE_PRODUCT = YES;
			};
			name = Release;
		};
		659B3FEF1AD6877C00FF4FAC /* Debug */ = {
			isa = XCBuildConfiguration;
			buildSettings = {
				ASSETCATALOG_COMPILER_APPICON_NAME = AppIcon;
				INFOPLIST_FILE = "UI09-task-01-swift/Info.plist";
				LD_RUNPATH_SEARCH_PATHS = "$(inherited) @executable_path/Frameworks";
				PRODUCT_NAME = "$(TARGET_NAME)";
			};
			name = Debug;
		};
		659B3FF01AD6877C00FF4FAC /* Release */ = {
			isa = XCBuildConfiguration;
			buildSettings = {
				ASSETCATALOG_COMPILER_APPICON_NAME = AppIcon;
				INFOPLIST_FILE = "UI09-task-01-swift/Info.plist";
				LD_RUNPATH_SEARCH_PATHS = "$(inherited) @executable_path/Frameworks";
				PRODUCT_NAME = "$(TARGET_NAME)";
			};
			name = Release;
		};
		659B3FF21AD6877C00FF4FAC /* Debug */ = {
			isa = XCBuildConfiguration;
			buildSettings = {
				BUNDLE_LOADER = "$(TEST_HOST)";
				FRAMEWORK_SEARCH_PATHS = (
					"$(SDKROOT)/Developer/Library/Frameworks",
					"$(inherited)",
				);
				GCC_PREPROCESSOR_DEFINITIONS = (
					"DEBUG=1",
					"$(inherited)",
				);
				INFOPLIST_FILE = "UI09-task-01-swiftTests/Info.plist";
				LD_RUNPATH_SEARCH_PATHS = "$(inherited) @executable_path/Frameworks @loader_path/Frameworks";
				PRODUCT_NAME = "$(TARGET_NAME)";
				TEST_HOST = "$(BUILT_PRODUCTS_DIR)/UI09-task-01-swift.app/UI09-task-01-swift";
			};
			name = Debug;
		};
		659B3FF31AD6877C00FF4FAC /* Release */ = {
			isa = XCBuildConfiguration;
			buildSettings = {
				BUNDLE_LOADER = "$(TEST_HOST)";
				FRAMEWORK_SEARCH_PATHS = (
					"$(SDKROOT)/Developer/Library/Frameworks",
					"$(inherited)",
				);
				INFOPLIST_FILE = "UI09-task-01-swiftTests/Info.plist";
				LD_RUNPATH_SEARCH_PATHS = "$(inherited) @executable_path/Frameworks @loader_path/Frameworks";
				PRODUCT_NAME = "$(TARGET_NAME)";
				TEST_HOST = "$(BUILT_PRODUCTS_DIR)/UI09-task-01-swift.app/UI09-task-01-swift";
			};
			name = Release;
		};
/* End XCBuildConfiguration section */

/* Begin XCConfigurationList section */
		659B3FCA1AD6877C00FF4FAC /* Build configuration list for PBXProject "UI09-task-01-swift" */ = {
			isa = XCConfigurationList;
			buildConfigurations = (
				659B3FEC1AD6877C00FF4FAC /* Debug */,
				659B3FED1AD6877C00FF4FAC /* Release */,
			);
			defaultConfigurationIsVisible = 0;
			defaultConfigurationName = Release;
		};
		659B3FEE1AD6877C00FF4FAC /* Build configuration list for PBXNativeTarget "UI09-task-01-swift" */ = {
			isa = XCConfigurationList;
			buildConfigurations = (
				659B3FEF1AD6877C00FF4FAC /* Debug */,
				659B3FF01AD6877C00FF4FAC /* Release */,
			);
			defaultConfigurationIsVisible = 0;
			defaultConfigurationName = Release;
		};
		659B3FF11AD6877C00FF4FAC /* Build configuration list for PBXNativeTarget "UI09-task-01-swiftTests" */ = {
			isa = XCConfigurationList;
			buildConfigurations = (
				659B3FF21AD6877C00FF4FAC /* Debug */,
				659B3FF31AD6877C00FF4FAC /* Release */,
			);
			defaultConfigurationIsVisible = 0;
			defaultConfigurationName = Release;
		};
/* End XCConfigurationList section */
	};
	rootObject = 659B3FC71AD6877C00FF4FAC /* Project object */;
}
