// !$*UTF8*$!
{
	archiveVersion = 1;
	classes = {
	};
	objectVersion = 46;
	objects = {

/* Begin PBXBuildFile section */
		655497291B73309F000B29A9 /* AppDelegate.swift in Sources */ = {isa = PBXBuildFile; fileRef = 655497281B73309F000B29A9 /* AppDelegate.swift */; };
		655497301B73309F000B29A9 /* Assets.xcassets in Resources */ = {isa = PBXBuildFile; fileRef = 6554972F1B73309F000B29A9 /* Assets.xcassets */; };
		655497331B73309F000B29A9 /* LaunchScreen.storyboard in Resources */ = {isa = PBXBuildFile; fileRef = 655497311B73309F000B29A9 /* LaunchScreen.storyboard */; };
		6554973B1B7330F0000B29A9 /* RootViewController.swift in Sources */ = {isa = PBXBuildFile; fileRef = 6554973A1B7330F0000B29A9 /* RootViewController.swift */; };
		6554973E1B733329000B29A9 /* navbar_bg_normal.png in Resources */ = {isa = PBXBuildFile; fileRef = 6554973C1B733329000B29A9 /* navbar_bg_normal.png */; };
		6554973F1B733329000B29A9 /* btn_search.png in Resources */ = {isa = PBXBuildFile; fileRef = 6554973D1B733329000B29A9 /* btn_search.png */; };
/* End PBXBuildFile section */

/* Begin PBXFileReference section */
		655497251B73309F000B29A9 /* Swift15-3.app */ = {isa = PBXFileReference; explicitFileType = wrapper.application; includeInIndex = 0; path = "Swift15-3.app"; sourceTree = BUILT_PRODUCTS_DIR; };
		655497281B73309F000B29A9 /* AppDelegate.swift */ = {isa = PBXFileReference; lastKnownFileType = sourcecode.swift; path = AppDelegate.swift; sourceTree = "<group>"; };
		6554972F1B73309F000B29A9 /* Assets.xcassets */ = {isa = PBXFileReference; lastKnownFileType = folder.assetcatalog; path = Assets.xcassets; sourceTree = "<group>"; };
		655497321B73309F000B29A9 /* Base */ = {isa = PBXFileReference; lastKnownFileType = file.storyboard; name = Base; path = Base.lproj/LaunchScreen.storyboard; sourceTree = "<group>"; };
		655497341B73309F000B29A9 /* Info.plist */ = {isa = PBXFileReference; lastKnownFileType = text.plist.xml; path = Info.plist; sourceTree = "<group>"; };
		6554973A1B7330F0000B29A9 /* RootViewController.swift */ = {isa = PBXFileReference; fileEncoding = 4; lastKnownFileType = sourcecode.swift; path = RootViewController.swift; sourceTree = "<group>"; };
		6554973C1B733329000B29A9 /* navbar_bg_normal.png */ = {isa = PBXFileReference; lastKnownFileType = image.png; path = navbar_bg_normal.png; sourceTree = "<group>"; };
		6554973D1B733329000B29A9 /* btn_search.png */ = {isa = PBXFileReference; lastKnownFileType = image.png; path = btn_search.png; sourceTree = "<group>"; };
/* End PBXFileReference section */

/* Begin PBXFrameworksBuildPhase section */
		655497221B73309F000B29A9 /* Frameworks */ = {
			isa = PBXFrameworksBuildPhase;
			buildActionMask = 2147483647;
			files = (
			);
			runOnlyForDeploymentPostprocessing = 0;
		};
/* End PBXFrameworksBuildPhase section */

/* Begin PBXGroup section */
		6554971C1B73309F000B29A9 = {
			isa = PBXGroup;
			children = (
				655497271B73309F000B29A9 /* Swift15-3 */,
				655497261B73309F000B29A9 /* Products */,
			);
			sourceTree = "<group>";
		};
		655497261B73309F000B29A9 /* Products */ = {
			isa = PBXGroup;
			children = (
				655497251B73309F000B29A9 /* Swift15-3.app */,
			);
			name = Products;
			sourceTree = "<group>";
		};
		655497271B73309F000B29A9 /* Swift15-3 */ = {
			isa = PBXGroup;
			children = (
				6554973C1B733329000B29A9 /* navbar_bg_normal.png */,
				6554973D1B733329000B29A9 /* btn_search.png */,
				655497281B73309F000B29A9 /* AppDelegate.swift */,
				6554973A1B7330F0000B29A9 /* RootViewController.swift */,
				6554972F1B73309F000B29A9 /* Assets.xcassets */,
				655497311B73309F000B29A9 /* LaunchScreen.storyboard */,
				655497341B73309F000B29A9 /* Info.plist */,
			);
			path = "Swift15-3";
			sourceTree = "<group>";
		};
/* End PBXGroup section */

/* Begin PBXNativeTarget section */
		655497241B73309F000B29A9 /* Swift15-3 */ = {
			isa = PBXNativeTarget;
			buildConfigurationList = 655497371B73309F000B29A9 /* Build configuration list for PBXNativeTarget "Swift15-3" */;
			buildPhases = (
				655497211B73309F000B29A9 /* Sources */,
				655497221B73309F000B29A9 /* Frameworks */,
				655497231B73309F000B29A9 /* Resources */,
			);
			buildRules = (
			);
			dependencies = (
			);
			name = "Swift15-3";
			productName = "Swift15-3";
			productReference = 655497251B73309F000B29A9 /* Swift15-3.app */;
			productType = "com.apple.product-type.application";
		};
/* End PBXNativeTarget section */

/* Begin PBXProject section */
		6554971D1B73309F000B29A9 /* Project object */ = {
			isa = PBXProject;
			attributes = {
				LastUpgradeCheck = 0700;
				ORGANIZATIONNAME = keyzhang;
				TargetAttributes = {
					655497241B73309F000B29A9 = {
						CreatedOnToolsVersion = 7.0;
					};
				};
			};
			buildConfigurationList = 655497201B73309F000B29A9 /* Build configuration list for PBXProject "Swift15-3" */;
			compatibilityVersion = "Xcode 3.2";
			developmentRegion = English;
			hasScannedForEncodings = 0;
			knownRegions = (
				en,
				Base,
			);
			mainGroup = 6554971C1B73309F000B29A9;
			productRefGroup = 655497261B73309F000B29A9 /* Products */;
			projectDirPath = "";
			projectRoot = "";
			targets = (
				655497241B73309F000B29A9 /* Swift15-3 */,
			);
		};
/* End PBXProject section */

/* Begin PBXResourcesBuildPhase section */
		655497231B73309F000B29A9 /* Resources */ = {
			isa = PBXResourcesBuildPhase;
			buildActionMask = 2147483647;
			files = (
				655497331B73309F000B29A9 /* LaunchScreen.storyboard in Resources */,
				655497301B73309F000B29A9 /* Assets.xcassets in Resources */,
				6554973F1B733329000B29A9 /* btn_search.png in Resources */,
				6554973E1B733329000B29A9 /* navbar_bg_normal.png in Resources */,
			);
			runOnlyForDeploymentPostprocessing = 0;
		};
/* End PBXResourcesBuildPhase section */

/* Begin PBXSourcesBuildPhase section */
		655497211B73309F000B29A9 /* Sources */ = {
			isa = PBXSourcesBuildPhase;
			buildActionMask = 2147483647;
			files = (
				6554973B1B7330F0000B29A9 /* RootViewController.swift in Sources */,
				655497291B73309F000B29A9 /* AppDelegate.swift in Sources */,
			);
			runOnlyForDeploymentPostprocessing = 0;
		};
/* End PBXSourcesBuildPhase section */

/* Begin PBXVariantGroup section */
		655497311B73309F000B29A9 /* LaunchScreen.storyboard */ = {
			isa = PBXVariantGroup;
			children = (
				655497321B73309F000B29A9 /* Base */,
			);
			name = LaunchScreen.storyboard;
			sourceTree = "<group>";
		};
/* End PBXVariantGroup section */

/* Begin XCBuildConfiguration section */
		655497351B73309F000B29A9 /* Debug */ = {
			isa = XCBuildConfiguration;
			buildSettings = {
				ALWAYS_SEARCH_USER_PATHS = NO;
				CLANG_CXX_LANGUAGE_STANDARD = "gnu++0x";
				CLANG_CXX_LIBRARY = "libc++";
				CLANG_ENABLE_MODULES = YES;
				CLANG_ENABLE_OBJC_ARC = YES;
				CLANG_WARN_BOOL_CONVERSION = YES;
				CLANG_WARN_CONSTANT_CONVERSION = YES;
				CLANG_WARN_DIRECT_OBJC_ISA_USAGE = YES_ERROR;
				CLANG_WARN_EMPTY_BODY = YES;
				CLANG_WARN_ENUM_CONVERSION = YES;
				CLANG_WARN_INT_CONVERSION = YES;
				CLANG_WARN_OBJC_ROOT_CLASS = YES_ERROR;
				CLANG_WARN_UNREACHABLE_CODE = YES;
				CLANG_WARN__DUPLICATE_METHOD_MATCH = YES;
				"CODE_SIGN_IDENTITY[sdk=iphoneos*]" = "iPhone Developer";
				COPY_PHASE_STRIP = NO;
				DEBUG_INFORMATION_FORMAT = dwarf;
				ENABLE_STRICT_OBJC_MSGSEND = YES;
				ENABLE_TESTABILITY = YES;
				GCC_C_LANGUAGE_STANDARD = gnu99;
				GCC_DYNAMIC_NO_PIC = NO;
				GCC_NO_COMMON_BLOCKS = YES;
				GCC_OPTIMIZATION_LEVEL = 0;
				GCC_PREPROCESSOR_DEFINITIONS = (
					"DEBUG=1",
					"$(inherited)",
				);
				GCC_WARN_64_TO_32_BIT_CONVERSION = YES;
				GCC_WARN_ABOUT_RETURN_TYPE = YES_ERROR;
				GCC_WARN_UNDECLARED_SELECTOR = YES;
				GCC_WARN_UNINITIALIZED_AUTOS = YES_AGGRESSIVE;
				GCC_WARN_UNUSED_FUNCTION = YES;
				GCC_WARN_UNUSED_VARIABLE = YES;
				IPHONEOS_DEPLOYMENT_TARGET = 9.0;
				MTL_ENABLE_DEBUG_INFO = YES;
				ONLY_ACTIVE_ARCH = YES;
				SDKROOT = iphoneos;
				SWIFT_OPTIMIZATION_LEVEL = "-Onone";
			};
			name = Debug;
		};
		655497361B73309F000B29A9 /* Release */ = {
			isa = XCBuildConfiguration;
			buildSettings = {
				ALWAYS_SEARCH_USER_PATHS = NO;
				CLANG_CXX_LANGUAGE_STANDARD = "gnu++0x";
				CLANG_CXX_LIBRARY = "libc++";
				CLANG_ENABLE_MODULES = YES;
				CLANG_ENABLE_OBJC_ARC = YES;
				CLANG_WARN_BOOL_CONVERSION = YES;
				CLANG_WARN_CONSTANT_CONVERSION = YES;
				CLANG_WARN_DIRECT_OBJC_ISA_USAGE = YES_ERROR;
				CLANG_WARN_EMPTY_BODY = YES;
				CLANG_WARN_ENUM_CONVERSION = YES;
				CLANG_WARN_INT_CONVERSION = YES;
				CLANG_WARN_OBJC_ROOT_CLASS = YES_ERROR;
				CLANG_WARN_UNREACHABLE_CODE = YES;
				CLANG_WARN__DUPLICATE_METHOD_MATCH = YES;
				"CODE_SIGN_IDENTITY[sdk=iphoneos*]" = "iPhone Developer";
				COPY_PHASE_STRIP = NO;
				DEBUG_INFORMATION_FORMAT = "dwarf-with-dsym";
				ENABLE_NS_ASSERTIONS = NO;
				ENABLE_STRICT_OBJC_MSGSEND = YES;
				GCC_C_LANGUAGE_STANDARD = gnu99;
				GCC_NO_COMMON_BLOCKS = YES;
				GCC_WARN_64_TO_32_BIT_CONVERSION = YES;
				GCC_WARN_ABOUT_RETURN_TYPE = YES_ERROR;
				GCC_WARN_UNDECLARED_SELECTOR = YES;
				GCC_WARN_UNINITIALIZED_AUTOS = YES_AGGRESSIVE;
				GCC_WARN_UNUSED_FUNCTION = YES;
				GCC_WARN_UNUSED_VARIABLE = YES;
				IPHONEOS_DEPLOYMENT_TARGET = 9.0;
				MTL_ENABLE_DEBUG_INFO = NO;
				SDKROOT = iphoneos;
				VALIDATE_PRODUCT = YES;
			};
			name = Release;
		};
		655497381B73309F000B29A9 /* Debug */ = {
			isa = XCBuildConfiguration;
			buildSettings = {
				ASSETCATALOG_COMPILER_APPICON_NAME = AppIcon;
				INFOPLIST_FILE = "Swift15-3/Info.plist";
				LD_RUNPATH_SEARCH_PATHS = "$(inherited) @executable_path/Frameworks";
				PRODUCT_BUNDLE_IDENTIFIER = "com.wxhl.Swift15-3";
				PRODUCT_NAME = "$(TARGET_NAME)";
			};
			name = Debug;
		};
		655497391B73309F000B29A9 /* Release */ = {
			isa = XCBuildConfiguration;
			buildSettings = {
				ASSETCATALOG_COMPILER_APPICON_NAME = AppIcon;
				INFOPLIST_FILE = "Swift15-3/Info.plist";
				LD_RUNPATH_SEARCH_PATHS = "$(inherited) @executable_path/Frameworks";
				PRODUCT_BUNDLE_IDENTIFIER = "com.wxhl.Swift15-3";
				PRODUCT_NAME = "$(TARGET_NAME)";
			};
			name = Release;
		};
/* End XCBuildConfiguration section */

/* Begin XCConfigurationList section */
		655497201B73309F000B29A9 /* Build configuration list for PBXProject "Swift15-3" */ = {
			isa = XCConfigurationList;
			buildConfigurations = (
				655497351B73309F000B29A9 /* Debug */,
				655497361B73309F000B29A9 /* Release */,
			);
			defaultConfigurationIsVisible = 0;
			defaultConfigurationName = Release;
		};
		655497371B73309F000B29A9 /* Build configuration list for PBXNativeTarget "Swift15-3" */ = {
			isa = XCConfigurationList;
			buildConfigurations = (
				655497381B73309F000B29A9 /* Debug */,
				655497391B73309F000B29A9 /* Release */,
			);
			defaultConfigurationIsVisible = 0;
		};
/* End XCConfigurationList section */
	};
	rootObject = 6554971D1B73309F000B29A9 /* Project object */;
}
