// !$*UTF8*$!
{
	archiveVersion = 1;
	classes = {
	};
	objectVersion = 46;
	objects = {

/* Begin PBXBuildFile section */
		65B93DD21B5742CE00546FE0 /* AppDelegate.swift in Sources */ = {isa = PBXBuildFile; fileRef = 65B93DD11B5742CE00546FE0 /* AppDelegate.swift */; };
		65B93DD41B5742CE00546FE0 /* ViewController.swift in Sources */ = {isa = PBXBuildFile; fileRef = 65B93DD31B5742CE00546FE0 /* ViewController.swift */; };
		65B93DD71B5742CE00546FE0 /* Main.storyboard in Resources */ = {isa = PBXBuildFile; fileRef = 65B93DD51B5742CE00546FE0 /* Main.storyboard */; };
		65B93DD91B5742CE00546FE0 /* Assets.xcassets in Resources */ = {isa = PBXBuildFile; fileRef = 65B93DD81B5742CE00546FE0 /* Assets.xcassets */; };
		65B93DDC1B5742CE00546FE0 /* LaunchScreen.storyboard in Resources */ = {isa = PBXBuildFile; fileRef = 65B93DDA1B5742CE00546FE0 /* LaunchScreen.storyboard */; };
		65B93DE71B5742CE00546FE0 /* Swift10_1Tests.swift in Sources */ = {isa = PBXBuildFile; fileRef = 65B93DE61B5742CE00546FE0 /* Swift10_1Tests.swift */; };
		65B93DF21B5742CE00546FE0 /* Swift10_1UITests.swift in Sources */ = {isa = PBXBuildFile; fileRef = 65B93DF11B5742CE00546FE0 /* Swift10_1UITests.swift */; };
/* End PBXBuildFile section */

/* Begin PBXContainerItemProxy section */
		65B93DE31B5742CE00546FE0 /* PBXContainerItemProxy */ = {
			isa = PBXContainerItemProxy;
			containerPortal = 65B93DC61B5742CE00546FE0 /* Project object */;
			proxyType = 1;
			remoteGlobalIDString = 65B93DCD1B5742CE00546FE0;
			remoteInfo = "Swift10-1";
		};
		65B93DEE1B5742CE00546FE0 /* PBXContainerItemProxy */ = {
			isa = PBXContainerItemProxy;
			containerPortal = 65B93DC61B5742CE00546FE0 /* Project object */;
			proxyType = 1;
			remoteGlobalIDString = 65B93DCD1B5742CE00546FE0;
			remoteInfo = "Swift10-1";
		};
/* End PBXContainerItemProxy section */

/* Begin PBXFileReference section */
		65B93DCE1B5742CE00546FE0 /* Swift10-1.app */ = {isa = PBXFileReference; explicitFileType = wrapper.application; includeInIndex = 0; path = "Swift10-1.app"; sourceTree = BUILT_PRODUCTS_DIR; };
		65B93DD11B5742CE00546FE0 /* AppDelegate.swift */ = {isa = PBXFileReference; lastKnownFileType = sourcecode.swift; path = AppDelegate.swift; sourceTree = "<group>"; };
		65B93DD31B5742CE00546FE0 /* ViewController.swift */ = {isa = PBXFileReference; lastKnownFileType = sourcecode.swift; path = ViewController.swift; sourceTree = "<group>"; };
		65B93DD61B5742CE00546FE0 /* Base */ = {isa = PBXFileReference; lastKnownFileType = file.storyboard; name = Base; path = Base.lproj/Main.storyboard; sourceTree = "<group>"; };
		65B93DD81B5742CE00546FE0 /* Assets.xcassets */ = {isa = PBXFileReference; lastKnownFileType = folder.assetcatalog; path = Assets.xcassets; sourceTree = "<group>"; };
		65B93DDB1B5742CE00546FE0 /* Base */ = {isa = PBXFileReference; lastKnownFileType = file.storyboard; name = Base; path = Base.lproj/LaunchScreen.storyboard; sourceTree = "<group>"; };
		65B93DDD1B5742CE00546FE0 /* Info.plist */ = {isa = PBXFileReference; lastKnownFileType = text.plist.xml; path = Info.plist; sourceTree = "<group>"; };
		65B93DE21B5742CE00546FE0 /* Swift10-1Tests.xctest */ = {isa = PBXFileReference; explicitFileType = wrapper.cfbundle; includeInIndex = 0; path = "Swift10-1Tests.xctest"; sourceTree = BUILT_PRODUCTS_DIR; };
		65B93DE61B5742CE00546FE0 /* Swift10_1Tests.swift */ = {isa = PBXFileReference; lastKnownFileType = sourcecode.swift; path = Swift10_1Tests.swift; sourceTree = "<group>"; };
		65B93DE81B5742CE00546FE0 /* Info.plist */ = {isa = PBXFileReference; lastKnownFileType = text.plist.xml; path = Info.plist; sourceTree = "<group>"; };
		65B93DED1B5742CE00546FE0 /* Swift10-1UITests.xctest */ = {isa = PBXFileReference; explicitFileType = wrapper.cfbundle; includeInIndex = 0; path = "Swift10-1UITests.xctest"; sourceTree = BUILT_PRODUCTS_DIR; };
		65B93DF11B5742CE00546FE0 /* Swift10_1UITests.swift */ = {isa = PBXFileReference; lastKnownFileType = sourcecode.swift; path = Swift10_1UITests.swift; sourceTree = "<group>"; };
		65B93DF31B5742CE00546FE0 /* Info.plist */ = {isa = PBXFileReference; lastKnownFileType = text.plist.xml; path = Info.plist; sourceTree = "<group>"; };
/* End PBXFileReference section */

/* Begin PBXFrameworksBuildPhase section */
		65B93DCB1B5742CE00546FE0 /* Frameworks */ = {
			isa = PBXFrameworksBuildPhase;
			buildActionMask = 2147483647;
			files = (
			);
			runOnlyForDeploymentPostprocessing = 0;
		};
		65B93DDF1B5742CE00546FE0 /* Frameworks */ = {
			isa = PBXFrameworksBuildPhase;
			buildActionMask = 2147483647;
			files = (
			);
			runOnlyForDeploymentPostprocessing = 0;
		};
		65B93DEA1B5742CE00546FE0 /* Frameworks */ = {
			isa = PBXFrameworksBuildPhase;
			buildActionMask = 2147483647;
			files = (
			);
			runOnlyForDeploymentPostprocessing = 0;
		};
/* End PBXFrameworksBuildPhase section */

/* Begin PBXGroup section */
		65B93DC51B5742CE00546FE0 = {
			isa = PBXGroup;
			children = (
				65B93DD01B5742CE00546FE0 /* Swift10-1 */,
				65B93DE51B5742CE00546FE0 /* Swift10-1Tests */,
				65B93DF01B5742CE00546FE0 /* Swift10-1UITests */,
				65B93DCF1B5742CE00546FE0 /* Products */,
			);
			sourceTree = "<group>";
		};
		65B93DCF1B5742CE00546FE0 /* Products */ = {
			isa = PBXGroup;
			children = (
				65B93DCE1B5742CE00546FE0 /* Swift10-1.app */,
				65B93DE21B5742CE00546FE0 /* Swift10-1Tests.xctest */,
				65B93DED1B5742CE00546FE0 /* Swift10-1UITests.xctest */,
			);
			name = Products;
			sourceTree = "<group>";
		};
		65B93DD01B5742CE00546FE0 /* Swift10-1 */ = {
			isa = PBXGroup;
			children = (
				65B93DD11B5742CE00546FE0 /* AppDelegate.swift */,
				65B93DD31B5742CE00546FE0 /* ViewController.swift */,
				65B93DD51B5742CE00546FE0 /* Main.storyboard */,
				65B93DD81B5742CE00546FE0 /* Assets.xcassets */,
				65B93DDA1B5742CE00546FE0 /* LaunchScreen.storyboard */,
				65B93DDD1B5742CE00546FE0 /* Info.plist */,
			);
			path = "Swift10-1";
			sourceTree = "<group>";
		};
		65B93DE51B5742CE00546FE0 /* Swift10-1Tests */ = {
			isa = PBXGroup;
			children = (
				65B93DE61B5742CE00546FE0 /* Swift10_1Tests.swift */,
				65B93DE81B5742CE00546FE0 /* Info.plist */,
			);
			path = "Swift10-1Tests";
			sourceTree = "<group>";
		};
		65B93DF01B5742CE00546FE0 /* Swift10-1UITests */ = {
			isa = PBXGroup;
			children = (
				65B93DF11B5742CE00546FE0 /* Swift10_1UITests.swift */,
				65B93DF31B5742CE00546FE0 /* Info.plist */,
			);
			path = "Swift10-1UITests";
			sourceTree = "<group>";
		};
/* End PBXGroup section */

/* Begin PBXNativeTarget section */
		65B93DCD1B5742CE00546FE0 /* Swift10-1 */ = {
			isa = PBXNativeTarget;
			buildConfigurationList = 65B93DF61B5742CE00546FE0 /* Build configuration list for PBXNativeTarget "Swift10-1" */;
			buildPhases = (
				65B93DCA1B5742CE00546FE0 /* Sources */,
				65B93DCB1B5742CE00546FE0 /* Frameworks */,
				65B93DCC1B5742CE00546FE0 /* Resources */,
			);
			buildRules = (
			);
			dependencies = (
			);
			name = "Swift10-1";
			productName = "Swift10-1";
			productReference = 65B93DCE1B5742CE00546FE0 /* Swift10-1.app */;
			productType = "com.apple.product-type.application";
		};
		65B93DE11B5742CE00546FE0 /* Swift10-1Tests */ = {
			isa = PBXNativeTarget;
			buildConfigurationList = 65B93DF91B5742CE00546FE0 /* Build configuration list for PBXNativeTarget "Swift10-1Tests" */;
			buildPhases = (
				65B93DDE1B5742CE00546FE0 /* Sources */,
				65B93DDF1B5742CE00546FE0 /* Frameworks */,
				65B93DE01B5742CE00546FE0 /* Resources */,
			);
			buildRules = (
			);
			dependencies = (
				65B93DE41B5742CE00546FE0 /* PBXTargetDependency */,
			);
			name = "Swift10-1Tests";
			productName = "Swift10-1Tests";
			productReference = 65B93DE21B5742CE00546FE0 /* Swift10-1Tests.xctest */;
			productType = "com.apple.product-type.bundle.unit-test";
		};
		65B93DEC1B5742CE00546FE0 /* Swift10-1UITests */ = {
			isa = PBXNativeTarget;
			buildConfigurationList = 65B93DFC1B5742CE00546FE0 /* Build configuration list for PBXNativeTarget "Swift10-1UITests" */;
			buildPhases = (
				65B93DE91B5742CE00546FE0 /* Sources */,
				65B93DEA1B5742CE00546FE0 /* Frameworks */,
				65B93DEB1B5742CE00546FE0 /* Resources */,
			);
			buildRules = (
			);
			dependencies = (
				65B93DEF1B5742CE00546FE0 /* PBXTargetDependency */,
			);
			name = "Swift10-1UITests";
			productName = "Swift10-1UITests";
			productReference = 65B93DED1B5742CE00546FE0 /* Swift10-1UITests.xctest */;
			productType = "com.apple.product-type.bundle.ui-testing";
		};
/* End PBXNativeTarget section */

/* Begin PBXProject section */
		65B93DC61B5742CE00546FE0 /* Project object */ = {
			isa = PBXProject;
			attributes = {
				LastUpgradeCheck = 0700;
				ORGANIZATIONNAME = keyzhang;
				TargetAttributes = {
					65B93DCD1B5742CE00546FE0 = {
						CreatedOnToolsVersion = 7.0;
					};
					65B93DE11B5742CE00546FE0 = {
						CreatedOnToolsVersion = 7.0;
						TestTargetID = 65B93DCD1B5742CE00546FE0;
					};
					65B93DEC1B5742CE00546FE0 = {
						CreatedOnToolsVersion = 7.0;
						TestTargetID = 65B93DCD1B5742CE00546FE0;
					};
				};
			};
			buildConfigurationList = 65B93DC91B5742CE00546FE0 /* Build configuration list for PBXProject "Swift10-1" */;
			compatibilityVersion = "Xcode 3.2";
			developmentRegion = English;
			hasScannedForEncodings = 0;
			knownRegions = (
				en,
				Base,
			);
			mainGroup = 65B93DC51B5742CE00546FE0;
			productRefGroup = 65B93DCF1B5742CE00546FE0 /* Products */;
			projectDirPath = "";
			projectRoot = "";
			targets = (
				65B93DCD1B5742CE00546FE0 /* Swift10-1 */,
				65B93DE11B5742CE00546FE0 /* Swift10-1Tests */,
				65B93DEC1B5742CE00546FE0 /* Swift10-1UITests */,
			);
		};
/* End PBXProject section */

/* Begin PBXResourcesBuildPhase section */
		65B93DCC1B5742CE00546FE0 /* Resources */ = {
			isa = PBXResourcesBuildPhase;
			buildActionMask = 2147483647;
			files = (
				65B93DDC1B5742CE00546FE0 /* LaunchScreen.storyboard in Resources */,
				65B93DD91B5742CE00546FE0 /* Assets.xcassets in Resources */,
				65B93DD71B5742CE00546FE0 /* Main.storyboard in Resources */,
			);
			runOnlyForDeploymentPostprocessing = 0;
		};
		65B93DE01B5742CE00546FE0 /* Resources */ = {
			isa = PBXResourcesBuildPhase;
			buildActionMask = 2147483647;
			files = (
			);
			runOnlyForDeploymentPostprocessing = 0;
		};
		65B93DEB1B5742CE00546FE0 /* Resources */ = {
			isa = PBXResourcesBuildPhase;
			buildActionMask = 2147483647;
			files = (
			);
			runOnlyForDeploymentPostprocessing = 0;
		};
/* End PBXResourcesBuildPhase section */

/* Begin PBXSourcesBuildPhase section */
		65B93DCA1B5742CE00546FE0 /* Sources */ = {
			isa = PBXSourcesBuildPhase;
			buildActionMask = 2147483647;
			files = (
				65B93DD41B5742CE00546FE0 /* ViewController.swift in Sources */,
				65B93DD21B5742CE00546FE0 /* AppDelegate.swift in Sources */,
			);
			runOnlyForDeploymentPostprocessing = 0;
		};
		65B93DDE1B5742CE00546FE0 /* Sources */ = {
			isa = PBXSourcesBuildPhase;
			buildActionMask = 2147483647;
			files = (
				65B93DE71B5742CE00546FE0 /* Swift10_1Tests.swift in Sources */,
			);
			runOnlyForDeploymentPostprocessing = 0;
		};
		65B93DE91B5742CE00546FE0 /* Sources */ = {
			isa = PBXSourcesBuildPhase;
			buildActionMask = 2147483647;
			files = (
				65B93DF21B5742CE00546FE0 /* Swift10_1UITests.swift in Sources */,
			);
			runOnlyForDeploymentPostprocessing = 0;
		};
/* End PBXSourcesBuildPhase section */

/* Begin PBXTargetDependency section */
		65B93DE41B5742CE00546FE0 /* PBXTargetDependency */ = {
			isa = PBXTargetDependency;
			target = 65B93DCD1B5742CE00546FE0 /* Swift10-1 */;
			targetProxy = 65B93DE31B5742CE00546FE0 /* PBXContainerItemProxy */;
		};
		65B93DEF1B5742CE00546FE0 /* PBXTargetDependency */ = {
			isa = PBXTargetDependency;
			target = 65B93DCD1B5742CE00546FE0 /* Swift10-1 */;
			targetProxy = 65B93DEE1B5742CE00546FE0 /* PBXContainerItemProxy */;
		};
/* End PBXTargetDependency section */

/* Begin PBXVariantGroup section */
		65B93DD51B5742CE00546FE0 /* Main.storyboard */ = {
			isa = PBXVariantGroup;
			children = (
				65B93DD61B5742CE00546FE0 /* Base */,
			);
			name = Main.storyboard;
			sourceTree = "<group>";
		};
		65B93DDA1B5742CE00546FE0 /* LaunchScreen.storyboard */ = {
			isa = PBXVariantGroup;
			children = (
				65B93DDB1B5742CE00546FE0 /* Base */,
			);
			name = LaunchScreen.storyboard;
			sourceTree = "<group>";
		};
/* End PBXVariantGroup section */

/* Begin XCBuildConfiguration section */
		65B93DF41B5742CE00546FE0 /* Debug */ = {
			isa = XCBuildConfiguration;
			buildSettings = {
				ALWAYS_SEARCH_USER_PATHS = NO;
				CLANG_CXX_LANGUAGE_STANDARD = "gnu++0x";
				CLANG_CXX_LIBRARY = "libc++";
				CLANG_ENABLE_MODULES = YES;
				CLANG_ENABLE_OBJC_ARC = YES;
				CLANG_WARN_BOOL_CONVERSION = YES;
				CLANG_WARN_CONSTANT_CONVERSION = YES;
				CLANG_WARN_DIRECT_OBJC_ISA_USAGE = YES_ERROR;
				CLANG_WARN_EMPTY_BODY = YES;
				CLANG_WARN_ENUM_CONVERSION = YES;
				CLANG_WARN_INT_CONVERSION = YES;
				CLANG_WARN_OBJC_ROOT_CLASS = YES_ERROR;
				CLANG_WARN_UNREACHABLE_CODE = YES;
				CLANG_WARN__DUPLICATE_METHOD_MATCH = YES;
				"CODE_SIGN_IDENTITY[sdk=iphoneos*]" = "iPhone Developer";
				COPY_PHASE_STRIP = NO;
				DEBUG_INFORMATION_FORMAT = dwarf;
				ENABLE_STRICT_OBJC_MSGSEND = YES;
				ENABLE_TESTABILITY = YES;
				GCC_C_LANGUAGE_STANDARD = gnu99;
				GCC_DYNAMIC_NO_PIC = NO;
				GCC_NO_COMMON_BLOCKS = YES;
				GCC_OPTIMIZATION_LEVEL = 0;
				GCC_PREPROCESSOR_DEFINITIONS = (
					"DEBUG=1",
					"$(inherited)",
				);
				GCC_WARN_64_TO_32_BIT_CONVERSION = YES;
				GCC_WARN_ABOUT_RETURN_TYPE = YES_ERROR;
				GCC_WARN_UNDECLARED_SELECTOR = YES;
				GCC_WARN_UNINITIALIZED_AUTOS = YES_AGGRESSIVE;
				GCC_WARN_UNUSED_FUNCTION = YES;
				GCC_WARN_UNUSED_VARIABLE = YES;
				IPHONEOS_DEPLOYMENT_TARGET = 9.0;
				MTL_ENABLE_DEBUG_INFO = YES;
				ONLY_ACTIVE_ARCH = YES;
				SDKROOT = iphoneos;
				SWIFT_OPTIMIZATION_LEVEL = "-Onone";
			};
			name = Debug;
		};
		65B93DF51B5742CE00546FE0 /* Release */ = {
			isa = XCBuildConfiguration;
			buildSettings = {
				ALWAYS_SEARCH_USER_PATHS = NO;
				CLANG_CXX_LANGUAGE_STANDARD = "gnu++0x";
				CLANG_CXX_LIBRARY = "libc++";
				CLANG_ENABLE_MODULES = YES;
				CLANG_ENABLE_OBJC_ARC = YES;
				CLANG_WARN_BOOL_CONVERSION = YES;
				CLANG_WARN_CONSTANT_CONVERSION = YES;
				CLANG_WARN_DIRECT_OBJC_ISA_USAGE = YES_ERROR;
				CLANG_WARN_EMPTY_BODY = YES;
				CLANG_WARN_ENUM_CONVERSION = YES;
				CLANG_WARN_INT_CONVERSION = YES;
				CLANG_WARN_OBJC_ROOT_CLASS = YES_ERROR;
				CLANG_WARN_UNREACHABLE_CODE = YES;
				CLANG_WARN__DUPLICATE_METHOD_MATCH = YES;
				"CODE_SIGN_IDENTITY[sdk=iphoneos*]" = "iPhone Developer";
				COPY_PHASE_STRIP = NO;
				DEBUG_INFORMATION_FORMAT = "dwarf-with-dsym";
				ENABLE_NS_ASSERTIONS = NO;
				ENABLE_STRICT_OBJC_MSGSEND = YES;
				GCC_C_LANGUAGE_STANDARD = gnu99;
				GCC_NO_COMMON_BLOCKS = YES;
				GCC_WARN_64_TO_32_BIT_CONVERSION = YES;
				GCC_WARN_ABOUT_RETURN_TYPE = YES_ERROR;
				GCC_WARN_UNDECLARED_SELECTOR = YES;
				GCC_WARN_UNINITIALIZED_AUTOS = YES_AGGRESSIVE;
				GCC_WARN_UNUSED_FUNCTION = YES;
				GCC_WARN_UNUSED_VARIABLE = YES;
				IPHONEOS_DEPLOYMENT_TARGET = 9.0;
				MTL_ENABLE_DEBUG_INFO = NO;
				SDKROOT = iphoneos;
				VALIDATE_PRODUCT = YES;
			};
			name = Release;
		};
		65B93DF71B5742CE00546FE0 /* Debug */ = {
			isa = XCBuildConfiguration;
			buildSettings = {
				ASSETCATALOG_COMPILER_APPICON_NAME = AppIcon;
				INFOPLIST_FILE = "Swift10-1/Info.plist";
				LD_RUNPATH_SEARCH_PATHS = "$(inherited) @executable_path/Frameworks";
				PRODUCT_BUNDLE_IDENTIFIER = "com.wxhl.Swift10-1";
				PRODUCT_NAME = "$(TARGET_NAME)";
			};
			name = Debug;
		};
		65B93DF81B5742CE00546FE0 /* Release */ = {
			isa = XCBuildConfiguration;
			buildSettings = {
				ASSETCATALOG_COMPILER_APPICON_NAME = AppIcon;
				INFOPLIST_FILE = "Swift10-1/Info.plist";
				LD_RUNPATH_SEARCH_PATHS = "$(inherited) @executable_path/Frameworks";
				PRODUCT_BUNDLE_IDENTIFIER = "com.wxhl.Swift10-1";
				PRODUCT_NAME = "$(TARGET_NAME)";
			};
			name = Release;
		};
		65B93DFA1B5742CE00546FE0 /* Debug */ = {
			isa = XCBuildConfiguration;
			buildSettings = {
				BUNDLE_LOADER = "$(TEST_HOST)";
				INFOPLIST_FILE = "Swift10-1Tests/Info.plist";
				LD_RUNPATH_SEARCH_PATHS = "$(inherited) @executable_path/Frameworks @loader_path/Frameworks";
				PRODUCT_BUNDLE_IDENTIFIER = "com.wxhl.Swift10-1Tests";
				PRODUCT_NAME = "$(TARGET_NAME)";
				TEST_HOST = "$(BUILT_PRODUCTS_DIR)/Swift10-1.app/Swift10-1";
			};
			name = Debug;
		};
		65B93DFB1B5742CE00546FE0 /* Release */ = {
			isa = XCBuildConfiguration;
			buildSettings = {
				BUNDLE_LOADER = "$(TEST_HOST)";
				INFOPLIST_FILE = "Swift10-1Tests/Info.plist";
				LD_RUNPATH_SEARCH_PATHS = "$(inherited) @executable_path/Frameworks @loader_path/Frameworks";
				PRODUCT_BUNDLE_IDENTIFIER = "com.wxhl.Swift10-1Tests";
				PRODUCT_NAME = "$(TARGET_NAME)";
				TEST_HOST = "$(BUILT_PRODUCTS_DIR)/Swift10-1.app/Swift10-1";
			};
			name = Release;
		};
		65B93DFD1B5742CE00546FE0 /* Debug */ = {
			isa = XCBuildConfiguration;
			buildSettings = {
				INFOPLIST_FILE = "Swift10-1UITests/Info.plist";
				LD_RUNPATH_SEARCH_PATHS = "$(inherited) @executable_path/Frameworks @loader_path/Frameworks";
				PRODUCT_BUNDLE_IDENTIFIER = "com.wxhl.Swift10-1UITests";
				PRODUCT_NAME = "$(TARGET_NAME)";
				TEST_TARGET_NAME = "Swift10-1";
				USES_XCTRUNNER = YES;
			};
			name = Debug;
		};
		65B93DFE1B5742CE00546FE0 /* Release */ = {
			isa = XCBuildConfiguration;
			buildSettings = {
				INFOPLIST_FILE = "Swift10-1UITests/Info.plist";
				LD_RUNPATH_SEARCH_PATHS = "$(inherited) @executable_path/Frameworks @loader_path/Frameworks";
				PRODUCT_BUNDLE_IDENTIFIER = "com.wxhl.Swift10-1UITests";
				PRODUCT_NAME = "$(TARGET_NAME)";
				TEST_TARGET_NAME = "Swift10-1";
				USES_XCTRUNNER = YES;
			};
			name = Release;
		};
/* End XCBuildConfiguration section */

/* Begin XCConfigurationList section */
		65B93DC91B5742CE00546FE0 /* Build configuration list for PBXProject "Swift10-1" */ = {
			isa = XCConfigurationList;
			buildConfigurations = (
				65B93DF41B5742CE00546FE0 /* Debug */,
				65B93DF51B5742CE00546FE0 /* Release */,
			);
			defaultConfigurationIsVisible = 0;
			defaultConfigurationName = Release;
		};
		65B93DF61B5742CE00546FE0 /* Build configuration list for PBXNativeTarget "Swift10-1" */ = {
			isa = XCConfigurationList;
			buildConfigurations = (
				65B93DF71B5742CE00546FE0 /* Debug */,
				65B93DF81B5742CE00546FE0 /* Release */,
			);
			defaultConfigurationIsVisible = 0;
		};
		65B93DF91B5742CE00546FE0 /* Build configuration list for PBXNativeTarget "Swift10-1Tests" */ = {
			isa = XCConfigurationList;
			buildConfigurations = (
				65B93DFA1B5742CE00546FE0 /* Debug */,
				65B93DFB1B5742CE00546FE0 /* Release */,
			);
			defaultConfigurationIsVisible = 0;
		};
		65B93DFC1B5742CE00546FE0 /* Build configuration list for PBXNativeTarget "Swift10-1UITests" */ = {
			isa = XCConfigurationList;
			buildConfigurations = (
				65B93DFD1B5742CE00546FE0 /* Debug */,
				65B93DFE1B5742CE00546FE0 /* Release */,
			);
			defaultConfigurationIsVisible = 0;
		};
/* End XCConfigurationList section */
	};
	rootObject = 65B93DC61B5742CE00546FE0 /* Project object */;
}
