// !$*UTF8*$!
{
	archiveVersion = 1;
	classes = {
	};
	objectVersion = 46;
	objects = {

/* Begin PBXBuildFile section */
		651FE0EB1B592B57009D2835 /* AppDelegate.swift in Sources */ = {isa = PBXBuildFile; fileRef = 651FE0EA1B592B57009D2835 /* AppDelegate.swift */; };
		651FE0ED1B592B57009D2835 /* ViewController.swift in Sources */ = {isa = PBXBuildFile; fileRef = 651FE0EC1B592B57009D2835 /* ViewController.swift */; };
		651FE0F01B592B57009D2835 /* Main.storyboard in Resources */ = {isa = PBXBuildFile; fileRef = 651FE0EE1B592B57009D2835 /* Main.storyboard */; };
		651FE0F21B592B57009D2835 /* Assets.xcassets in Resources */ = {isa = PBXBuildFile; fileRef = 651FE0F11B592B57009D2835 /* Assets.xcassets */; };
		651FE0F51B592B57009D2835 /* LaunchScreen.storyboard in Resources */ = {isa = PBXBuildFile; fileRef = 651FE0F31B592B57009D2835 /* LaunchScreen.storyboard */; };
		651FE1001B592B57009D2835 /* Swift10_5Tests.swift in Sources */ = {isa = PBXBuildFile; fileRef = 651FE0FF1B592B57009D2835 /* Swift10_5Tests.swift */; };
		651FE10B1B592B58009D2835 /* Swift10_5UITests.swift in Sources */ = {isa = PBXBuildFile; fileRef = 651FE10A1B592B58009D2835 /* Swift10_5UITests.swift */; };
/* End PBXBuildFile section */

/* Begin PBXContainerItemProxy section */
		651FE0FC1B592B57009D2835 /* PBXContainerItemProxy */ = {
			isa = PBXContainerItemProxy;
			containerPortal = 651FE0DF1B592B57009D2835 /* Project object */;
			proxyType = 1;
			remoteGlobalIDString = 651FE0E61B592B57009D2835;
			remoteInfo = "Swift10-5";
		};
		651FE1071B592B58009D2835 /* PBXContainerItemProxy */ = {
			isa = PBXContainerItemProxy;
			containerPortal = 651FE0DF1B592B57009D2835 /* Project object */;
			proxyType = 1;
			remoteGlobalIDString = 651FE0E61B592B57009D2835;
			remoteInfo = "Swift10-5";
		};
/* End PBXContainerItemProxy section */

/* Begin PBXFileReference section */
		651FE0E71B592B57009D2835 /* Swift10-5.app */ = {isa = PBXFileReference; explicitFileType = wrapper.application; includeInIndex = 0; path = "Swift10-5.app"; sourceTree = BUILT_PRODUCTS_DIR; };
		651FE0EA1B592B57009D2835 /* AppDelegate.swift */ = {isa = PBXFileReference; lastKnownFileType = sourcecode.swift; path = AppDelegate.swift; sourceTree = "<group>"; };
		651FE0EC1B592B57009D2835 /* ViewController.swift */ = {isa = PBXFileReference; lastKnownFileType = sourcecode.swift; path = ViewController.swift; sourceTree = "<group>"; };
		651FE0EF1B592B57009D2835 /* Base */ = {isa = PBXFileReference; lastKnownFileType = file.storyboard; name = Base; path = Base.lproj/Main.storyboard; sourceTree = "<group>"; };
		651FE0F11B592B57009D2835 /* Assets.xcassets */ = {isa = PBXFileReference; lastKnownFileType = folder.assetcatalog; path = Assets.xcassets; sourceTree = "<group>"; };
		651FE0F41B592B57009D2835 /* Base */ = {isa = PBXFileReference; lastKnownFileType = file.storyboard; name = Base; path = Base.lproj/LaunchScreen.storyboard; sourceTree = "<group>"; };
		651FE0F61B592B57009D2835 /* Info.plist */ = {isa = PBXFileReference; lastKnownFileType = text.plist.xml; path = Info.plist; sourceTree = "<group>"; };
		651FE0FB1B592B57009D2835 /* Swift10-5Tests.xctest */ = {isa = PBXFileReference; explicitFileType = wrapper.cfbundle; includeInIndex = 0; path = "Swift10-5Tests.xctest"; sourceTree = BUILT_PRODUCTS_DIR; };
		651FE0FF1B592B57009D2835 /* Swift10_5Tests.swift */ = {isa = PBXFileReference; lastKnownFileType = sourcecode.swift; path = Swift10_5Tests.swift; sourceTree = "<group>"; };
		651FE1011B592B57009D2835 /* Info.plist */ = {isa = PBXFileReference; lastKnownFileType = text.plist.xml; path = Info.plist; sourceTree = "<group>"; };
		651FE1061B592B58009D2835 /* Swift10-5UITests.xctest */ = {isa = PBXFileReference; explicitFileType = wrapper.cfbundle; includeInIndex = 0; path = "Swift10-5UITests.xctest"; sourceTree = BUILT_PRODUCTS_DIR; };
		651FE10A1B592B58009D2835 /* Swift10_5UITests.swift */ = {isa = PBXFileReference; lastKnownFileType = sourcecode.swift; path = Swift10_5UITests.swift; sourceTree = "<group>"; };
		651FE10C1B592B58009D2835 /* Info.plist */ = {isa = PBXFileReference; lastKnownFileType = text.plist.xml; path = Info.plist; sourceTree = "<group>"; };
/* End PBXFileReference section */

/* Begin PBXFrameworksBuildPhase section */
		651FE0E41B592B57009D2835 /* Frameworks */ = {
			isa = PBXFrameworksBuildPhase;
			buildActionMask = 2147483647;
			files = (
			);
			runOnlyForDeploymentPostprocessing = 0;
		};
		651FE0F81B592B57009D2835 /* Frameworks */ = {
			isa = PBXFrameworksBuildPhase;
			buildActionMask = 2147483647;
			files = (
			);
			runOnlyForDeploymentPostprocessing = 0;
		};
		651FE1031B592B58009D2835 /* Frameworks */ = {
			isa = PBXFrameworksBuildPhase;
			buildActionMask = 2147483647;
			files = (
			);
			runOnlyForDeploymentPostprocessing = 0;
		};
/* End PBXFrameworksBuildPhase section */

/* Begin PBXGroup section */
		651FE0DE1B592B57009D2835 = {
			isa = PBXGroup;
			children = (
				651FE0E91B592B57009D2835 /* Swift10-5 */,
				651FE0FE1B592B57009D2835 /* Swift10-5Tests */,
				651FE1091B592B58009D2835 /* Swift10-5UITests */,
				651FE0E81B592B57009D2835 /* Products */,
			);
			sourceTree = "<group>";
		};
		651FE0E81B592B57009D2835 /* Products */ = {
			isa = PBXGroup;
			children = (
				651FE0E71B592B57009D2835 /* Swift10-5.app */,
				651FE0FB1B592B57009D2835 /* Swift10-5Tests.xctest */,
				651FE1061B592B58009D2835 /* Swift10-5UITests.xctest */,
			);
			name = Products;
			sourceTree = "<group>";
		};
		651FE0E91B592B57009D2835 /* Swift10-5 */ = {
			isa = PBXGroup;
			children = (
				651FE0EA1B592B57009D2835 /* AppDelegate.swift */,
				651FE0EC1B592B57009D2835 /* ViewController.swift */,
				651FE0EE1B592B57009D2835 /* Main.storyboard */,
				651FE0F11B592B57009D2835 /* Assets.xcassets */,
				651FE0F31B592B57009D2835 /* LaunchScreen.storyboard */,
				651FE0F61B592B57009D2835 /* Info.plist */,
			);
			path = "Swift10-5";
			sourceTree = "<group>";
		};
		651FE0FE1B592B57009D2835 /* Swift10-5Tests */ = {
			isa = PBXGroup;
			children = (
				651FE0FF1B592B57009D2835 /* Swift10_5Tests.swift */,
				651FE1011B592B57009D2835 /* Info.plist */,
			);
			path = "Swift10-5Tests";
			sourceTree = "<group>";
		};
		651FE1091B592B58009D2835 /* Swift10-5UITests */ = {
			isa = PBXGroup;
			children = (
				651FE10A1B592B58009D2835 /* Swift10_5UITests.swift */,
				651FE10C1B592B58009D2835 /* Info.plist */,
			);
			path = "Swift10-5UITests";
			sourceTree = "<group>";
		};
/* End PBXGroup section */

/* Begin PBXNativeTarget section */
		651FE0E61B592B57009D2835 /* Swift10-5 */ = {
			isa = PBXNativeTarget;
			buildConfigurationList = 651FE10F1B592B58009D2835 /* Build configuration list for PBXNativeTarget "Swift10-5" */;
			buildPhases = (
				651FE0E31B592B57009D2835 /* Sources */,
				651FE0E41B592B57009D2835 /* Frameworks */,
				651FE0E51B592B57009D2835 /* Resources */,
			);
			buildRules = (
			);
			dependencies = (
			);
			name = "Swift10-5";
			productName = "Swift10-5";
			productReference = 651FE0E71B592B57009D2835 /* Swift10-5.app */;
			productType = "com.apple.product-type.application";
		};
		651FE0FA1B592B57009D2835 /* Swift10-5Tests */ = {
			isa = PBXNativeTarget;
			buildConfigurationList = 651FE1121B592B58009D2835 /* Build configuration list for PBXNativeTarget "Swift10-5Tests" */;
			buildPhases = (
				651FE0F71B592B57009D2835 /* Sources */,
				651FE0F81B592B57009D2835 /* Frameworks */,
				651FE0F91B592B57009D2835 /* Resources */,
			);
			buildRules = (
			);
			dependencies = (
				651FE0FD1B592B57009D2835 /* PBXTargetDependency */,
			);
			name = "Swift10-5Tests";
			productName = "Swift10-5Tests";
			productReference = 651FE0FB1B592B57009D2835 /* Swift10-5Tests.xctest */;
			productType = "com.apple.product-type.bundle.unit-test";
		};
		651FE1051B592B58009D2835 /* Swift10-5UITests */ = {
			isa = PBXNativeTarget;
			buildConfigurationList = 651FE1151B592B58009D2835 /* Build configuration list for PBXNativeTarget "Swift10-5UITests" */;
			buildPhases = (
				651FE1021B592B58009D2835 /* Sources */,
				651FE1031B592B58009D2835 /* Frameworks */,
				651FE1041B592B58009D2835 /* Resources */,
			);
			buildRules = (
			);
			dependencies = (
				651FE1081B592B58009D2835 /* PBXTargetDependency */,
			);
			name = "Swift10-5UITests";
			productName = "Swift10-5UITests";
			productReference = 651FE1061B592B58009D2835 /* Swift10-5UITests.xctest */;
			productType = "com.apple.product-type.bundle.ui-testing";
		};
/* End PBXNativeTarget section */

/* Begin PBXProject section */
		651FE0DF1B592B57009D2835 /* Project object */ = {
			isa = PBXProject;
			attributes = {
				LastUpgradeCheck = 0700;
				ORGANIZATIONNAME = keyzhang;
				TargetAttributes = {
					651FE0E61B592B57009D2835 = {
						CreatedOnToolsVersion = 7.0;
					};
					651FE0FA1B592B57009D2835 = {
						CreatedOnToolsVersion = 7.0;
						TestTargetID = 651FE0E61B592B57009D2835;
					};
					651FE1051B592B58009D2835 = {
						CreatedOnToolsVersion = 7.0;
						TestTargetID = 651FE0E61B592B57009D2835;
					};
				};
			};
			buildConfigurationList = 651FE0E21B592B57009D2835 /* Build configuration list for PBXProject "Swift10-5" */;
			compatibilityVersion = "Xcode 3.2";
			developmentRegion = English;
			hasScannedForEncodings = 0;
			knownRegions = (
				en,
				Base,
			);
			mainGroup = 651FE0DE1B592B57009D2835;
			productRefGroup = 651FE0E81B592B57009D2835 /* Products */;
			projectDirPath = "";
			projectRoot = "";
			targets = (
				651FE0E61B592B57009D2835 /* Swift10-5 */,
				651FE0FA1B592B57009D2835 /* Swift10-5Tests */,
				651FE1051B592B58009D2835 /* Swift10-5UITests */,
			);
		};
/* End PBXProject section */

/* Begin PBXResourcesBuildPhase section */
		651FE0E51B592B57009D2835 /* Resources */ = {
			isa = PBXResourcesBuildPhase;
			buildActionMask = 2147483647;
			files = (
				651FE0F51B592B57009D2835 /* LaunchScreen.storyboard in Resources */,
				651FE0F21B592B57009D2835 /* Assets.xcassets in Resources */,
				651FE0F01B592B57009D2835 /* Main.storyboard in Resources */,
			);
			runOnlyForDeploymentPostprocessing = 0;
		};
		651FE0F91B592B57009D2835 /* Resources */ = {
			isa = PBXResourcesBuildPhase;
			buildActionMask = 2147483647;
			files = (
			);
			runOnlyForDeploymentPostprocessing = 0;
		};
		651FE1041B592B58009D2835 /* Resources */ = {
			isa = PBXResourcesBuildPhase;
			buildActionMask = 2147483647;
			files = (
			);
			runOnlyForDeploymentPostprocessing = 0;
		};
/* End PBXResourcesBuildPhase section */

/* Begin PBXSourcesBuildPhase section */
		651FE0E31B592B57009D2835 /* Sources */ = {
			isa = PBXSourcesBuildPhase;
			buildActionMask = 2147483647;
			files = (
				651FE0ED1B592B57009D2835 /* ViewController.swift in Sources */,
				651FE0EB1B592B57009D2835 /* AppDelegate.swift in Sources */,
			);
			runOnlyForDeploymentPostprocessing = 0;
		};
		651FE0F71B592B57009D2835 /* Sources */ = {
			isa = PBXSourcesBuildPhase;
			buildActionMask = 2147483647;
			files = (
				651FE1001B592B57009D2835 /* Swift10_5Tests.swift in Sources */,
			);
			runOnlyForDeploymentPostprocessing = 0;
		};
		651FE1021B592B58009D2835 /* Sources */ = {
			isa = PBXSourcesBuildPhase;
			buildActionMask = 2147483647;
			files = (
				651FE10B1B592B58009D2835 /* Swift10_5UITests.swift in Sources */,
			);
			runOnlyForDeploymentPostprocessing = 0;
		};
/* End PBXSourcesBuildPhase section */

/* Begin PBXTargetDependency section */
		651FE0FD1B592B57009D2835 /* PBXTargetDependency */ = {
			isa = PBXTargetDependency;
			target = 651FE0E61B592B57009D2835 /* Swift10-5 */;
			targetProxy = 651FE0FC1B592B57009D2835 /* PBXContainerItemProxy */;
		};
		651FE1081B592B58009D2835 /* PBXTargetDependency */ = {
			isa = PBXTargetDependency;
			target = 651FE0E61B592B57009D2835 /* Swift10-5 */;
			targetProxy = 651FE1071B592B58009D2835 /* PBXContainerItemProxy */;
		};
/* End PBXTargetDependency section */

/* Begin PBXVariantGroup section */
		651FE0EE1B592B57009D2835 /* Main.storyboard */ = {
			isa = PBXVariantGroup;
			children = (
				651FE0EF1B592B57009D2835 /* Base */,
			);
			name = Main.storyboard;
			sourceTree = "<group>";
		};
		651FE0F31B592B57009D2835 /* LaunchScreen.storyboard */ = {
			isa = PBXVariantGroup;
			children = (
				651FE0F41B592B57009D2835 /* Base */,
			);
			name = LaunchScreen.storyboard;
			sourceTree = "<group>";
		};
/* End PBXVariantGroup section */

/* Begin XCBuildConfiguration section */
		651FE10D1B592B58009D2835 /* Debug */ = {
			isa = XCBuildConfiguration;
			buildSettings = {
				ALWAYS_SEARCH_USER_PATHS = NO;
				CLANG_CXX_LANGUAGE_STANDARD = "gnu++0x";
				CLANG_CXX_LIBRARY = "libc++";
				CLANG_ENABLE_MODULES = YES;
				CLANG_ENABLE_OBJC_ARC = YES;
				CLANG_WARN_BOOL_CONVERSION = YES;
				CLANG_WARN_CONSTANT_CONVERSION = YES;
				CLANG_WARN_DIRECT_OBJC_ISA_USAGE = YES_ERROR;
				CLANG_WARN_EMPTY_BODY = YES;
				CLANG_WARN_ENUM_CONVERSION = YES;
				CLANG_WARN_INT_CONVERSION = YES;
				CLANG_WARN_OBJC_ROOT_CLASS = YES_ERROR;
				CLANG_WARN_UNREACHABLE_CODE = YES;
				CLANG_WARN__DUPLICATE_METHOD_MATCH = YES;
				"CODE_SIGN_IDENTITY[sdk=iphoneos*]" = "iPhone Developer";
				COPY_PHASE_STRIP = NO;
				DEBUG_INFORMATION_FORMAT = dwarf;
				ENABLE_STRICT_OBJC_MSGSEND = YES;
				ENABLE_TESTABILITY = YES;
				GCC_C_LANGUAGE_STANDARD = gnu99;
				GCC_DYNAMIC_NO_PIC = NO;
				GCC_NO_COMMON_BLOCKS = YES;
				GCC_OPTIMIZATION_LEVEL = 0;
				GCC_PREPROCESSOR_DEFINITIONS = (
					"DEBUG=1",
					"$(inherited)",
				);
				GCC_WARN_64_TO_32_BIT_CONVERSION = YES;
				GCC_WARN_ABOUT_RETURN_TYPE = YES_ERROR;
				GCC_WARN_UNDECLARED_SELECTOR = YES;
				GCC_WARN_UNINITIALIZED_AUTOS = YES_AGGRESSIVE;
				GCC_WARN_UNUSED_FUNCTION = YES;
				GCC_WARN_UNUSED_VARIABLE = YES;
				IPHONEOS_DEPLOYMENT_TARGET = 9.0;
				MTL_ENABLE_DEBUG_INFO = YES;
				ONLY_ACTIVE_ARCH = YES;
				SDKROOT = iphoneos;
				SWIFT_OPTIMIZATION_LEVEL = "-Onone";
			};
			name = Debug;
		};
		651FE10E1B592B58009D2835 /* Release */ = {
			isa = XCBuildConfiguration;
			buildSettings = {
				ALWAYS_SEARCH_USER_PATHS = NO;
				CLANG_CXX_LANGUAGE_STANDARD = "gnu++0x";
				CLANG_CXX_LIBRARY = "libc++";
				CLANG_ENABLE_MODULES = YES;
				CLANG_ENABLE_OBJC_ARC = YES;
				CLANG_WARN_BOOL_CONVERSION = YES;
				CLANG_WARN_CONSTANT_CONVERSION = YES;
				CLANG_WARN_DIRECT_OBJC_ISA_USAGE = YES_ERROR;
				CLANG_WARN_EMPTY_BODY = YES;
				CLANG_WARN_ENUM_CONVERSION = YES;
				CLANG_WARN_INT_CONVERSION = YES;
				CLANG_WARN_OBJC_ROOT_CLASS = YES_ERROR;
				CLANG_WARN_UNREACHABLE_CODE = YES;
				CLANG_WARN__DUPLICATE_METHOD_MATCH = YES;
				"CODE_SIGN_IDENTITY[sdk=iphoneos*]" = "iPhone Developer";
				COPY_PHASE_STRIP = NO;
				DEBUG_INFORMATION_FORMAT = "dwarf-with-dsym";
				ENABLE_NS_ASSERTIONS = NO;
				ENABLE_STRICT_OBJC_MSGSEND = YES;
				GCC_C_LANGUAGE_STANDARD = gnu99;
				GCC_NO_COMMON_BLOCKS = YES;
				GCC_WARN_64_TO_32_BIT_CONVERSION = YES;
				GCC_WARN_ABOUT_RETURN_TYPE = YES_ERROR;
				GCC_WARN_UNDECLARED_SELECTOR = YES;
				GCC_WARN_UNINITIALIZED_AUTOS = YES_AGGRESSIVE;
				GCC_WARN_UNUSED_FUNCTION = YES;
				GCC_WARN_UNUSED_VARIABLE = YES;
				IPHONEOS_DEPLOYMENT_TARGET = 9.0;
				MTL_ENABLE_DEBUG_INFO = NO;
				SDKROOT = iphoneos;
				VALIDATE_PRODUCT = YES;
			};
			name = Release;
		};
		651FE1101B592B58009D2835 /* Debug */ = {
			isa = XCBuildConfiguration;
			buildSettings = {
				ASSETCATALOG_COMPILER_APPICON_NAME = AppIcon;
				INFOPLIST_FILE = "Swift10-5/Info.plist";
				LD_RUNPATH_SEARCH_PATHS = "$(inherited) @executable_path/Frameworks";
				PRODUCT_BUNDLE_IDENTIFIER = "com.wxhl.Swift10-5";
				PRODUCT_NAME = "$(TARGET_NAME)";
			};
			name = Debug;
		};
		651FE1111B592B58009D2835 /* Release */ = {
			isa = XCBuildConfiguration;
			buildSettings = {
				ASSETCATALOG_COMPILER_APPICON_NAME = AppIcon;
				INFOPLIST_FILE = "Swift10-5/Info.plist";
				LD_RUNPATH_SEARCH_PATHS = "$(inherited) @executable_path/Frameworks";
				PRODUCT_BUNDLE_IDENTIFIER = "com.wxhl.Swift10-5";
				PRODUCT_NAME = "$(TARGET_NAME)";
			};
			name = Release;
		};
		651FE1131B592B58009D2835 /* Debug */ = {
			isa = XCBuildConfiguration;
			buildSettings = {
				BUNDLE_LOADER = "$(TEST_HOST)";
				INFOPLIST_FILE = "Swift10-5Tests/Info.plist";
				LD_RUNPATH_SEARCH_PATHS = "$(inherited) @executable_path/Frameworks @loader_path/Frameworks";
				PRODUCT_BUNDLE_IDENTIFIER = "com.wxhl.Swift10-5Tests";
				PRODUCT_NAME = "$(TARGET_NAME)";
				TEST_HOST = "$(BUILT_PRODUCTS_DIR)/Swift10-5.app/Swift10-5";
			};
			name = Debug;
		};
		651FE1141B592B58009D2835 /* Release */ = {
			isa = XCBuildConfiguration;
			buildSettings = {
				BUNDLE_LOADER = "$(TEST_HOST)";
				INFOPLIST_FILE = "Swift10-5Tests/Info.plist";
				LD_RUNPATH_SEARCH_PATHS = "$(inherited) @executable_path/Frameworks @loader_path/Frameworks";
				PRODUCT_BUNDLE_IDENTIFIER = "com.wxhl.Swift10-5Tests";
				PRODUCT_NAME = "$(TARGET_NAME)";
				TEST_HOST = "$(BUILT_PRODUCTS_DIR)/Swift10-5.app/Swift10-5";
			};
			name = Release;
		};
		651FE1161B592B58009D2835 /* Debug */ = {
			isa = XCBuildConfiguration;
			buildSettings = {
				INFOPLIST_FILE = "Swift10-5UITests/Info.plist";
				LD_RUNPATH_SEARCH_PATHS = "$(inherited) @executable_path/Frameworks @loader_path/Frameworks";
				PRODUCT_BUNDLE_IDENTIFIER = "com.wxhl.Swift10-5UITests";
				PRODUCT_NAME = "$(TARGET_NAME)";
				TEST_TARGET_NAME = "Swift10-5";
				USES_XCTRUNNER = YES;
			};
			name = Debug;
		};
		651FE1171B592B58009D2835 /* Release */ = {
			isa = XCBuildConfiguration;
			buildSettings = {
				INFOPLIST_FILE = "Swift10-5UITests/Info.plist";
				LD_RUNPATH_SEARCH_PATHS = "$(inherited) @executable_path/Frameworks @loader_path/Frameworks";
				PRODUCT_BUNDLE_IDENTIFIER = "com.wxhl.Swift10-5UITests";
				PRODUCT_NAME = "$(TARGET_NAME)";
				TEST_TARGET_NAME = "Swift10-5";
				USES_XCTRUNNER = YES;
			};
			name = Release;
		};
/* End XCBuildConfiguration section */

/* Begin XCConfigurationList section */
		651FE0E21B592B57009D2835 /* Build configuration list for PBXProject "Swift10-5" */ = {
			isa = XCConfigurationList;
			buildConfigurations = (
				651FE10D1B592B58009D2835 /* Debug */,
				651FE10E1B592B58009D2835 /* Release */,
			);
			defaultConfigurationIsVisible = 0;
			defaultConfigurationName = Release;
		};
		651FE10F1B592B58009D2835 /* Build configuration list for PBXNativeTarget "Swift10-5" */ = {
			isa = XCConfigurationList;
			buildConfigurations = (
				651FE1101B592B58009D2835 /* Debug */,
				651FE1111B592B58009D2835 /* Release */,
			);
			defaultConfigurationIsVisible = 0;
		};
		651FE1121B592B58009D2835 /* Build configuration list for PBXNativeTarget "Swift10-5Tests" */ = {
			isa = XCConfigurationList;
			buildConfigurations = (
				651FE1131B592B58009D2835 /* Debug */,
				651FE1141B592B58009D2835 /* Release */,
			);
			defaultConfigurationIsVisible = 0;
		};
		651FE1151B592B58009D2835 /* Build configuration list for PBXNativeTarget "Swift10-5UITests" */ = {
			isa = XCConfigurationList;
			buildConfigurations = (
				651FE1161B592B58009D2835 /* Debug */,
				651FE1171B592B58009D2835 /* Release */,
			);
			defaultConfigurationIsVisible = 0;
		};
/* End XCConfigurationList section */
	};
	rootObject = 651FE0DF1B592B57009D2835 /* Project object */;
}
