// !$*UTF8*$!
{
	archiveVersion = 1;
	classes = {
	};
	objectVersion = 46;
	objects = {

/* Begin PBXBuildFile section */
		658159181B71130100D80828 /* AppDelegate.swift in Sources */ = {isa = PBXBuildFile; fileRef = 658159171B71130100D80828 /* AppDelegate.swift */; };
		6581591F1B71130100D80828 /* Assets.xcassets in Resources */ = {isa = PBXBuildFile; fileRef = 6581591E1B71130100D80828 /* Assets.xcassets */; };
		658159221B71130100D80828 /* LaunchScreen.storyboard in Resources */ = {isa = PBXBuildFile; fileRef = 658159201B71130100D80828 /* LaunchScreen.storyboard */; };
		6581592A1B71133D00D80828 /* RootViewController.swift in Sources */ = {isa = PBXBuildFile; fileRef = 658159291B71133D00D80828 /* RootViewController.swift */; };
		6581592C1B71143B00D80828 /* DetailViewController.swift in Sources */ = {isa = PBXBuildFile; fileRef = 6581592B1B71143B00D80828 /* DetailViewController.swift */; };
/* End PBXBuildFile section */

/* Begin PBXFileReference section */
		658159141B71130100D80828 /* Swift15-1.app */ = {isa = PBXFileReference; explicitFileType = wrapper.application; includeInIndex = 0; path = "Swift15-1.app"; sourceTree = BUILT_PRODUCTS_DIR; };
		658159171B71130100D80828 /* AppDelegate.swift */ = {isa = PBXFileReference; lastKnownFileType = sourcecode.swift; path = AppDelegate.swift; sourceTree = "<group>"; };
		6581591E1B71130100D80828 /* Assets.xcassets */ = {isa = PBXFileReference; lastKnownFileType = folder.assetcatalog; path = Assets.xcassets; sourceTree = "<group>"; };
		658159211B71130100D80828 /* Base */ = {isa = PBXFileReference; lastKnownFileType = file.storyboard; name = Base; path = Base.lproj/LaunchScreen.storyboard; sourceTree = "<group>"; };
		658159231B71130100D80828 /* Info.plist */ = {isa = PBXFileReference; lastKnownFileType = text.plist.xml; path = Info.plist; sourceTree = "<group>"; };
		658159291B71133D00D80828 /* RootViewController.swift */ = {isa = PBXFileReference; fileEncoding = 4; lastKnownFileType = sourcecode.swift; path = RootViewController.swift; sourceTree = "<group>"; };
		6581592B1B71143B00D80828 /* DetailViewController.swift */ = {isa = PBXFileReference; fileEncoding = 4; lastKnownFileType = sourcecode.swift; path = DetailViewController.swift; sourceTree = "<group>"; };
/* End PBXFileReference section */

/* Begin PBXFrameworksBuildPhase section */
		658159111B71130100D80828 /* Frameworks */ = {
			isa = PBXFrameworksBuildPhase;
			buildActionMask = 2147483647;
			files = (
			);
			runOnlyForDeploymentPostprocessing = 0;
		};
/* End PBXFrameworksBuildPhase section */

/* Begin PBXGroup section */
		6581590B1B71130100D80828 = {
			isa = PBXGroup;
			children = (
				658159161B71130100D80828 /* Swift15-1 */,
				658159151B71130100D80828 /* Products */,
			);
			sourceTree = "<group>";
		};
		658159151B71130100D80828 /* Products */ = {
			isa = PBXGroup;
			children = (
				658159141B71130100D80828 /* Swift15-1.app */,
			);
			name = Products;
			sourceTree = "<group>";
		};
		658159161B71130100D80828 /* Swift15-1 */ = {
			isa = PBXGroup;
			children = (
				658159171B71130100D80828 /* AppDelegate.swift */,
				658159291B71133D00D80828 /* RootViewController.swift */,
				6581592B1B71143B00D80828 /* DetailViewController.swift */,
				6581591E1B71130100D80828 /* Assets.xcassets */,
				658159201B71130100D80828 /* LaunchScreen.storyboard */,
				658159231B71130100D80828 /* Info.plist */,
			);
			path = "Swift15-1";
			sourceTree = "<group>";
		};
/* End PBXGroup section */

/* Begin PBXNativeTarget section */
		658159131B71130100D80828 /* Swift15-1 */ = {
			isa = PBXNativeTarget;
			buildConfigurationList = 658159261B71130100D80828 /* Build configuration list for PBXNativeTarget "Swift15-1" */;
			buildPhases = (
				658159101B71130100D80828 /* Sources */,
				658159111B71130100D80828 /* Frameworks */,
				658159121B71130100D80828 /* Resources */,
			);
			buildRules = (
			);
			dependencies = (
			);
			name = "Swift15-1";
			productName = "Swift15-1";
			productReference = 658159141B71130100D80828 /* Swift15-1.app */;
			productType = "com.apple.product-type.application";
		};
/* End PBXNativeTarget section */

/* Begin PBXProject section */
		6581590C1B71130100D80828 /* Project object */ = {
			isa = PBXProject;
			attributes = {
				LastUpgradeCheck = 0700;
				ORGANIZATIONNAME = keyzhang;
				TargetAttributes = {
					658159131B71130100D80828 = {
						CreatedOnToolsVersion = 7.0;
					};
				};
			};
			buildConfigurationList = 6581590F1B71130100D80828 /* Build configuration list for PBXProject "Swift15-1" */;
			compatibilityVersion = "Xcode 3.2";
			developmentRegion = English;
			hasScannedForEncodings = 0;
			knownRegions = (
				en,
				Base,
			);
			mainGroup = 6581590B1B71130100D80828;
			productRefGroup = 658159151B71130100D80828 /* Products */;
			projectDirPath = "";
			projectRoot = "";
			targets = (
				658159131B71130100D80828 /* Swift15-1 */,
			);
		};
/* End PBXProject section */

/* Begin PBXResourcesBuildPhase section */
		658159121B71130100D80828 /* Resources */ = {
			isa = PBXResourcesBuildPhase;
			buildActionMask = 2147483647;
			files = (
				658159221B71130100D80828 /* LaunchScreen.storyboard in Resources */,
				6581591F1B71130100D80828 /* Assets.xcassets in Resources */,
			);
			runOnlyForDeploymentPostprocessing = 0;
		};
/* End PBXResourcesBuildPhase section */

/* Begin PBXSourcesBuildPhase section */
		658159101B71130100D80828 /* Sources */ = {
			isa = PBXSourcesBuildPhase;
			buildActionMask = 2147483647;
			files = (
				6581592C1B71143B00D80828 /* DetailViewController.swift in Sources */,
				6581592A1B71133D00D80828 /* RootViewController.swift in Sources */,
				658159181B71130100D80828 /* AppDelegate.swift in Sources */,
			);
			runOnlyForDeploymentPostprocessing = 0;
		};
/* End PBXSourcesBuildPhase section */

/* Begin PBXVariantGroup section */
		658159201B71130100D80828 /* LaunchScreen.storyboard */ = {
			isa = PBXVariantGroup;
			children = (
				658159211B71130100D80828 /* Base */,
			);
			name = LaunchScreen.storyboard;
			sourceTree = "<group>";
		};
/* End PBXVariantGroup section */

/* Begin XCBuildConfiguration section */
		658159241B71130100D80828 /* Debug */ = {
			isa = XCBuildConfiguration;
			buildSettings = {
				ALWAYS_SEARCH_USER_PATHS = NO;
				CLANG_CXX_LANGUAGE_STANDARD = "gnu++0x";
				CLANG_CXX_LIBRARY = "libc++";
				CLANG_ENABLE_MODULES = YES;
				CLANG_ENABLE_OBJC_ARC = YES;
				CLANG_WARN_BOOL_CONVERSION = YES;
				CLANG_WARN_CONSTANT_CONVERSION = YES;
				CLANG_WARN_DIRECT_OBJC_ISA_USAGE = YES_ERROR;
				CLANG_WARN_EMPTY_BODY = YES;
				CLANG_WARN_ENUM_CONVERSION = YES;
				CLANG_WARN_INT_CONVERSION = YES;
				CLANG_WARN_OBJC_ROOT_CLASS = YES_ERROR;
				CLANG_WARN_UNREACHABLE_CODE = YES;
				CLANG_WARN__DUPLICATE_METHOD_MATCH = YES;
				"CODE_SIGN_IDENTITY[sdk=iphoneos*]" = "iPhone Developer";
				COPY_PHASE_STRIP = NO;
				DEBUG_INFORMATION_FORMAT = dwarf;
				ENABLE_STRICT_OBJC_MSGSEND = YES;
				ENABLE_TESTABILITY = YES;
				GCC_C_LANGUAGE_STANDARD = gnu99;
				GCC_DYNAMIC_NO_PIC = NO;
				GCC_NO_COMMON_BLOCKS = YES;
				GCC_OPTIMIZATION_LEVEL = 0;
				GCC_PREPROCESSOR_DEFINITIONS = (
					"DEBUG=1",
					"$(inherited)",
				);
				GCC_WARN_64_TO_32_BIT_CONVERSION = YES;
				GCC_WARN_ABOUT_RETURN_TYPE = YES_ERROR;
				GCC_WARN_UNDECLARED_SELECTOR = YES;
				GCC_WARN_UNINITIALIZED_AUTOS = YES_AGGRESSIVE;
				GCC_WARN_UNUSED_FUNCTION = YES;
				GCC_WARN_UNUSED_VARIABLE = YES;
				IPHONEOS_DEPLOYMENT_TARGET = 9.0;
				MTL_ENABLE_DEBUG_INFO = YES;
				ONLY_ACTIVE_ARCH = YES;
				SDKROOT = iphoneos;
				SWIFT_OPTIMIZATION_LEVEL = "-Onone";
			};
			name = Debug;
		};
		658159251B71130100D80828 /* Release */ = {
			isa = XCBuildConfiguration;
			buildSettings = {
				ALWAYS_SEARCH_USER_PATHS = NO;
				CLANG_CXX_LANGUAGE_STANDARD = "gnu++0x";
				CLANG_CXX_LIBRARY = "libc++";
				CLANG_ENABLE_MODULES = YES;
				CLANG_ENABLE_OBJC_ARC = YES;
				CLANG_WARN_BOOL_CONVERSION = YES;
				CLANG_WARN_CONSTANT_CONVERSION = YES;
				CLANG_WARN_DIRECT_OBJC_ISA_USAGE = YES_ERROR;
				CLANG_WARN_EMPTY_BODY = YES;
				CLANG_WARN_ENUM_CONVERSION = YES;
				CLANG_WARN_INT_CONVERSION = YES;
				CLANG_WARN_OBJC_ROOT_CLASS = YES_ERROR;
				CLANG_WARN_UNREACHABLE_CODE = YES;
				CLANG_WARN__DUPLICATE_METHOD_MATCH = YES;
				"CODE_SIGN_IDENTITY[sdk=iphoneos*]" = "iPhone Developer";
				COPY_PHASE_STRIP = NO;
				DEBUG_INFORMATION_FORMAT = "dwarf-with-dsym";
				ENABLE_NS_ASSERTIONS = NO;
				ENABLE_STRICT_OBJC_MSGSEND = YES;
				GCC_C_LANGUAGE_STANDARD = gnu99;
				GCC_NO_COMMON_BLOCKS = YES;
				GCC_WARN_64_TO_32_BIT_CONVERSION = YES;
				GCC_WARN_ABOUT_RETURN_TYPE = YES_ERROR;
				GCC_WARN_UNDECLARED_SELECTOR = YES;
				GCC_WARN_UNINITIALIZED_AUTOS = YES_AGGRESSIVE;
				GCC_WARN_UNUSED_FUNCTION = YES;
				GCC_WARN_UNUSED_VARIABLE = YES;
				IPHONEOS_DEPLOYMENT_TARGET = 9.0;
				MTL_ENABLE_DEBUG_INFO = NO;
				SDKROOT = iphoneos;
				VALIDATE_PRODUCT = YES;
			};
			name = Release;
		};
		658159271B71130100D80828 /* Debug */ = {
			isa = XCBuildConfiguration;
			buildSettings = {
				ASSETCATALOG_COMPILER_APPICON_NAME = AppIcon;
				INFOPLIST_FILE = "Swift15-1/Info.plist";
				LD_RUNPATH_SEARCH_PATHS = "$(inherited) @executable_path/Frameworks";
				PRODUCT_BUNDLE_IDENTIFIER = "com.wxhl.Swift15-1";
				PRODUCT_NAME = "$(TARGET_NAME)";
			};
			name = Debug;
		};
		658159281B71130100D80828 /* Release */ = {
			isa = XCBuildConfiguration;
			buildSettings = {
				ASSETCATALOG_COMPILER_APPICON_NAME = AppIcon;
				INFOPLIST_FILE = "Swift15-1/Info.plist";
				LD_RUNPATH_SEARCH_PATHS = "$(inherited) @executable_path/Frameworks";
				PRODUCT_BUNDLE_IDENTIFIER = "com.wxhl.Swift15-1";
				PRODUCT_NAME = "$(TARGET_NAME)";
			};
			name = Release;
		};
/* End XCBuildConfiguration section */

/* Begin XCConfigurationList section */
		6581590F1B71130100D80828 /* Build configuration list for PBXProject "Swift15-1" */ = {
			isa = XCConfigurationList;
			buildConfigurations = (
				658159241B71130100D80828 /* Debug */,
				658159251B71130100D80828 /* Release */,
			);
			defaultConfigurationIsVisible = 0;
			defaultConfigurationName = Release;
		};
		658159261B71130100D80828 /* Build configuration list for PBXNativeTarget "Swift15-1" */ = {
			isa = XCConfigurationList;
			buildConfigurations = (
				658159271B71130100D80828 /* Debug */,
				658159281B71130100D80828 /* Release */,
			);
			defaultConfigurationIsVisible = 0;
		};
/* End XCConfigurationList section */
	};
	rootObject = 6581590C1B71130100D80828 /* Project object */;
}
