// !$*UTF8*$!
{
	archiveVersion = 1;
	classes = {
	};
	objectVersion = 46;
	objects = {

/* Begin PBXBuildFile section */
		659F1FCC1B368F9A0074A187 /* AppDelegate.swift in Sources */ = {isa = PBXBuildFile; fileRef = 659F1FCB1B368F9A0074A187 /* AppDelegate.swift */; };
		659F1FCE1B368F9A0074A187 /* ViewController.swift in Sources */ = {isa = PBXBuildFile; fileRef = 659F1FCD1B368F9A0074A187 /* ViewController.swift */; };
		659F1FD11B368F9A0074A187 /* Main.storyboard in Resources */ = {isa = PBXBuildFile; fileRef = 659F1FCF1B368F9A0074A187 /* Main.storyboard */; };
		659F1FD31B368F9A0074A187 /* Images.xcassets in Resources */ = {isa = PBXBuildFile; fileRef = 659F1FD21B368F9A0074A187 /* Images.xcassets */; };
		659F1FD61B368F9A0074A187 /* LaunchScreen.xib in Resources */ = {isa = PBXBuildFile; fileRef = 659F1FD41B368F9A0074A187 /* LaunchScreen.xib */; };
		659F1FE21B368F9B0074A187 /* Swift01_4Tests.swift in Sources */ = {isa = PBXBuildFile; fileRef = 659F1FE11B368F9B0074A187 /* Swift01_4Tests.swift */; };
/* End PBXBuildFile section */

/* Begin PBXContainerItemProxy section */
		659F1FDC1B368F9B0074A187 /* PBXContainerItemProxy */ = {
			isa = PBXContainerItemProxy;
			containerPortal = 659F1FBE1B368F9A0074A187 /* Project object */;
			proxyType = 1;
			remoteGlobalIDString = 659F1FC51B368F9A0074A187;
			remoteInfo = "Swift01-4";
		};
/* End PBXContainerItemProxy section */

/* Begin PBXFileReference section */
		659F1FC61B368F9A0074A187 /* Swift01-4.app */ = {isa = PBXFileReference; explicitFileType = wrapper.application; includeInIndex = 0; path = "Swift01-4.app"; sourceTree = BUILT_PRODUCTS_DIR; };
		659F1FCA1B368F9A0074A187 /* Info.plist */ = {isa = PBXFileReference; lastKnownFileType = text.plist.xml; path = Info.plist; sourceTree = "<group>"; };
		659F1FCB1B368F9A0074A187 /* AppDelegate.swift */ = {isa = PBXFileReference; lastKnownFileType = sourcecode.swift; path = AppDelegate.swift; sourceTree = "<group>"; };
		659F1FCD1B368F9A0074A187 /* ViewController.swift */ = {isa = PBXFileReference; lastKnownFileType = sourcecode.swift; path = ViewController.swift; sourceTree = "<group>"; };
		659F1FD01B368F9A0074A187 /* Base */ = {isa = PBXFileReference; lastKnownFileType = file.storyboard; name = Base; path = Base.lproj/Main.storyboard; sourceTree = "<group>"; };
		659F1FD21B368F9A0074A187 /* Images.xcassets */ = {isa = PBXFileReference; lastKnownFileType = folder.assetcatalog; path = Images.xcassets; sourceTree = "<group>"; };
		659F1FD51B368F9A0074A187 /* Base */ = {isa = PBXFileReference; lastKnownFileType = file.xib; name = Base; path = Base.lproj/LaunchScreen.xib; sourceTree = "<group>"; };
		659F1FDB1B368F9B0074A187 /* Swift01-4Tests.xctest */ = {isa = PBXFileReference; explicitFileType = wrapper.cfbundle; includeInIndex = 0; path = "Swift01-4Tests.xctest"; sourceTree = BUILT_PRODUCTS_DIR; };
		659F1FE01B368F9B0074A187 /* Info.plist */ = {isa = PBXFileReference; lastKnownFileType = text.plist.xml; path = Info.plist; sourceTree = "<group>"; };
		659F1FE11B368F9B0074A187 /* Swift01_4Tests.swift */ = {isa = PBXFileReference; lastKnownFileType = sourcecode.swift; path = Swift01_4Tests.swift; sourceTree = "<group>"; };
/* End PBXFileReference section */

/* Begin PBXFrameworksBuildPhase section */
		659F1FC31B368F9A0074A187 /* Frameworks */ = {
			isa = PBXFrameworksBuildPhase;
			buildActionMask = 2147483647;
			files = (
			);
			runOnlyForDeploymentPostprocessing = 0;
		};
		659F1FD81B368F9B0074A187 /* Frameworks */ = {
			isa = PBXFrameworksBuildPhase;
			buildActionMask = 2147483647;
			files = (
			);
			runOnlyForDeploymentPostprocessing = 0;
		};
/* End PBXFrameworksBuildPhase section */

/* Begin PBXGroup section */
		659F1FBD1B368F9A0074A187 = {
			isa = PBXGroup;
			children = (
				659F1FC81B368F9A0074A187 /* Swift01-4 */,
				659F1FDE1B368F9B0074A187 /* Swift01-4Tests */,
				659F1FC71B368F9A0074A187 /* Products */,
			);
			sourceTree = "<group>";
		};
		659F1FC71B368F9A0074A187 /* Products */ = {
			isa = PBXGroup;
			children = (
				659F1FC61B368F9A0074A187 /* Swift01-4.app */,
				659F1FDB1B368F9B0074A187 /* Swift01-4Tests.xctest */,
			);
			name = Products;
			sourceTree = "<group>";
		};
		659F1FC81B368F9A0074A187 /* Swift01-4 */ = {
			isa = PBXGroup;
			children = (
				659F1FCB1B368F9A0074A187 /* AppDelegate.swift */,
				659F1FCD1B368F9A0074A187 /* ViewController.swift */,
				659F1FCF1B368F9A0074A187 /* Main.storyboard */,
				659F1FD21B368F9A0074A187 /* Images.xcassets */,
				659F1FD41B368F9A0074A187 /* LaunchScreen.xib */,
				659F1FC91B368F9A0074A187 /* Supporting Files */,
			);
			path = "Swift01-4";
			sourceTree = "<group>";
		};
		659F1FC91B368F9A0074A187 /* Supporting Files */ = {
			isa = PBXGroup;
			children = (
				659F1FCA1B368F9A0074A187 /* Info.plist */,
			);
			name = "Supporting Files";
			sourceTree = "<group>";
		};
		659F1FDE1B368F9B0074A187 /* Swift01-4Tests */ = {
			isa = PBXGroup;
			children = (
				659F1FE11B368F9B0074A187 /* Swift01_4Tests.swift */,
				659F1FDF1B368F9B0074A187 /* Supporting Files */,
			);
			path = "Swift01-4Tests";
			sourceTree = "<group>";
		};
		659F1FDF1B368F9B0074A187 /* Supporting Files */ = {
			isa = PBXGroup;
			children = (
				659F1FE01B368F9B0074A187 /* Info.plist */,
			);
			name = "Supporting Files";
			sourceTree = "<group>";
		};
/* End PBXGroup section */

/* Begin PBXNativeTarget section */
		659F1FC51B368F9A0074A187 /* Swift01-4 */ = {
			isa = PBXNativeTarget;
			buildConfigurationList = 659F1FE51B368F9B0074A187 /* Build configuration list for PBXNativeTarget "Swift01-4" */;
			buildPhases = (
				659F1FC21B368F9A0074A187 /* Sources */,
				659F1FC31B368F9A0074A187 /* Frameworks */,
				659F1FC41B368F9A0074A187 /* Resources */,
			);
			buildRules = (
			);
			dependencies = (
			);
			name = "Swift01-4";
			productName = "Swift01-4";
			productReference = 659F1FC61B368F9A0074A187 /* Swift01-4.app */;
			productType = "com.apple.product-type.application";
		};
		659F1FDA1B368F9B0074A187 /* Swift01-4Tests */ = {
			isa = PBXNativeTarget;
			buildConfigurationList = 659F1FE81B368F9B0074A187 /* Build configuration list for PBXNativeTarget "Swift01-4Tests" */;
			buildPhases = (
				659F1FD71B368F9B0074A187 /* Sources */,
				659F1FD81B368F9B0074A187 /* Frameworks */,
				659F1FD91B368F9B0074A187 /* Resources */,
			);
			buildRules = (
			);
			dependencies = (
				659F1FDD1B368F9B0074A187 /* PBXTargetDependency */,
			);
			name = "Swift01-4Tests";
			productName = "Swift01-4Tests";
			productReference = 659F1FDB1B368F9B0074A187 /* Swift01-4Tests.xctest */;
			productType = "com.apple.product-type.bundle.unit-test";
		};
/* End PBXNativeTarget section */

/* Begin PBXProject section */
		659F1FBE1B368F9A0074A187 /* Project object */ = {
			isa = PBXProject;
			attributes = {
				LastSwiftUpdateCheck = 0700;
				LastUpgradeCheck = 0620;
				ORGANIZATIONNAME = keyzhang;
				TargetAttributes = {
					659F1FC51B368F9A0074A187 = {
						CreatedOnToolsVersion = 6.2;
					};
					659F1FDA1B368F9B0074A187 = {
						CreatedOnToolsVersion = 6.2;
						TestTargetID = 659F1FC51B368F9A0074A187;
					};
				};
			};
			buildConfigurationList = 659F1FC11B368F9A0074A187 /* Build configuration list for PBXProject "Swift01-4" */;
			compatibilityVersion = "Xcode 3.2";
			developmentRegion = English;
			hasScannedForEncodings = 0;
			knownRegions = (
				en,
				Base,
			);
			mainGroup = 659F1FBD1B368F9A0074A187;
			productRefGroup = 659F1FC71B368F9A0074A187 /* Products */;
			projectDirPath = "";
			projectRoot = "";
			targets = (
				659F1FC51B368F9A0074A187 /* Swift01-4 */,
				659F1FDA1B368F9B0074A187 /* Swift01-4Tests */,
			);
		};
/* End PBXProject section */

/* Begin PBXResourcesBuildPhase section */
		659F1FC41B368F9A0074A187 /* Resources */ = {
			isa = PBXResourcesBuildPhase;
			buildActionMask = 2147483647;
			files = (
				659F1FD11B368F9A0074A187 /* Main.storyboard in Resources */,
				659F1FD61B368F9A0074A187 /* LaunchScreen.xib in Resources */,
				659F1FD31B368F9A0074A187 /* Images.xcassets in Resources */,
			);
			runOnlyForDeploymentPostprocessing = 0;
		};
		659F1FD91B368F9B0074A187 /* Resources */ = {
			isa = PBXResourcesBuildPhase;
			buildActionMask = 2147483647;
			files = (
			);
			runOnlyForDeploymentPostprocessing = 0;
		};
/* End PBXResourcesBuildPhase section */

/* Begin PBXSourcesBuildPhase section */
		659F1FC21B368F9A0074A187 /* Sources */ = {
			isa = PBXSourcesBuildPhase;
			buildActionMask = 2147483647;
			files = (
				659F1FCE1B368F9A0074A187 /* ViewController.swift in Sources */,
				659F1FCC1B368F9A0074A187 /* AppDelegate.swift in Sources */,
			);
			runOnlyForDeploymentPostprocessing = 0;
		};
		659F1FD71B368F9B0074A187 /* Sources */ = {
			isa = PBXSourcesBuildPhase;
			buildActionMask = 2147483647;
			files = (
				659F1FE21B368F9B0074A187 /* Swift01_4Tests.swift in Sources */,
			);
			runOnlyForDeploymentPostprocessing = 0;
		};
/* End PBXSourcesBuildPhase section */

/* Begin PBXTargetDependency section */
		659F1FDD1B368F9B0074A187 /* PBXTargetDependency */ = {
			isa = PBXTargetDependency;
			target = 659F1FC51B368F9A0074A187 /* Swift01-4 */;
			targetProxy = 659F1FDC1B368F9B0074A187 /* PBXContainerItemProxy */;
		};
/* End PBXTargetDependency section */

/* Begin PBXVariantGroup section */
		659F1FCF1B368F9A0074A187 /* Main.storyboard */ = {
			isa = PBXVariantGroup;
			children = (
				659F1FD01B368F9A0074A187 /* Base */,
			);
			name = Main.storyboard;
			sourceTree = "<group>";
		};
		659F1FD41B368F9A0074A187 /* LaunchScreen.xib */ = {
			isa = PBXVariantGroup;
			children = (
				659F1FD51B368F9A0074A187 /* Base */,
			);
			name = LaunchScreen.xib;
			sourceTree = "<group>";
		};
/* End PBXVariantGroup section */

/* Begin XCBuildConfiguration section */
		659F1FE31B368F9B0074A187 /* Debug */ = {
			isa = XCBuildConfiguration;
			buildSettings = {
				ALWAYS_SEARCH_USER_PATHS = NO;
				CLANG_CXX_LANGUAGE_STANDARD = "gnu++0x";
				CLANG_CXX_LIBRARY = "libc++";
				CLANG_ENABLE_MODULES = YES;
				CLANG_ENABLE_OBJC_ARC = YES;
				CLANG_WARN_BOOL_CONVERSION = YES;
				CLANG_WARN_CONSTANT_CONVERSION = YES;
				CLANG_WARN_DIRECT_OBJC_ISA_USAGE = YES_ERROR;
				CLANG_WARN_EMPTY_BODY = YES;
				CLANG_WARN_ENUM_CONVERSION = YES;
				CLANG_WARN_INT_CONVERSION = YES;
				CLANG_WARN_OBJC_ROOT_CLASS = YES_ERROR;
				CLANG_WARN_UNREACHABLE_CODE = YES;
				CLANG_WARN__DUPLICATE_METHOD_MATCH = YES;
				"CODE_SIGN_IDENTITY[sdk=iphoneos*]" = "iPhone Developer";
				COPY_PHASE_STRIP = NO;
				ENABLE_STRICT_OBJC_MSGSEND = YES;
				GCC_C_LANGUAGE_STANDARD = gnu99;
				GCC_DYNAMIC_NO_PIC = NO;
				GCC_OPTIMIZATION_LEVEL = 0;
				GCC_PREPROCESSOR_DEFINITIONS = (
					"DEBUG=1",
					"$(inherited)",
				);
				GCC_SYMBOLS_PRIVATE_EXTERN = NO;
				GCC_WARN_64_TO_32_BIT_CONVERSION = YES;
				GCC_WARN_ABOUT_RETURN_TYPE = YES_ERROR;
				GCC_WARN_UNDECLARED_SELECTOR = YES;
				GCC_WARN_UNINITIALIZED_AUTOS = YES_AGGRESSIVE;
				GCC_WARN_UNUSED_FUNCTION = YES;
				GCC_WARN_UNUSED_VARIABLE = YES;
				IPHONEOS_DEPLOYMENT_TARGET = 8.2;
				MTL_ENABLE_DEBUG_INFO = YES;
				ONLY_ACTIVE_ARCH = YES;
				SDKROOT = iphoneos;
				SWIFT_OPTIMIZATION_LEVEL = "-Onone";
			};
			name = Debug;
		};
		659F1FE41B368F9B0074A187 /* Release */ = {
			isa = XCBuildConfiguration;
			buildSettings = {
				ALWAYS_SEARCH_USER_PATHS = NO;
				CLANG_CXX_LANGUAGE_STANDARD = "gnu++0x";
				CLANG_CXX_LIBRARY = "libc++";
				CLANG_ENABLE_MODULES = YES;
				CLANG_ENABLE_OBJC_ARC = YES;
				CLANG_WARN_BOOL_CONVERSION = YES;
				CLANG_WARN_CONSTANT_CONVERSION = YES;
				CLANG_WARN_DIRECT_OBJC_ISA_USAGE = YES_ERROR;
				CLANG_WARN_EMPTY_BODY = YES;
				CLANG_WARN_ENUM_CONVERSION = YES;
				CLANG_WARN_INT_CONVERSION = YES;
				CLANG_WARN_OBJC_ROOT_CLASS = YES_ERROR;
				CLANG_WARN_UNREACHABLE_CODE = YES;
				CLANG_WARN__DUPLICATE_METHOD_MATCH = YES;
				"CODE_SIGN_IDENTITY[sdk=iphoneos*]" = "iPhone Developer";
				COPY_PHASE_STRIP = NO;
				ENABLE_NS_ASSERTIONS = NO;
				ENABLE_STRICT_OBJC_MSGSEND = YES;
				GCC_C_LANGUAGE_STANDARD = gnu99;
				GCC_WARN_64_TO_32_BIT_CONVERSION = YES;
				GCC_WARN_ABOUT_RETURN_TYPE = YES_ERROR;
				GCC_WARN_UNDECLARED_SELECTOR = YES;
				GCC_WARN_UNINITIALIZED_AUTOS = YES_AGGRESSIVE;
				GCC_WARN_UNUSED_FUNCTION = YES;
				GCC_WARN_UNUSED_VARIABLE = YES;
				IPHONEOS_DEPLOYMENT_TARGET = 8.2;
				MTL_ENABLE_DEBUG_INFO = NO;
				SDKROOT = iphoneos;
				VALIDATE_PRODUCT = YES;
			};
			name = Release;
		};
		659F1FE61B368F9B0074A187 /* Debug */ = {
			isa = XCBuildConfiguration;
			buildSettings = {
				ASSETCATALOG_COMPILER_APPICON_NAME = AppIcon;
				INFOPLIST_FILE = "Swift01-4/Info.plist";
				LD_RUNPATH_SEARCH_PATHS = "$(inherited) @executable_path/Frameworks";
				PRODUCT_NAME = "$(TARGET_NAME)";
			};
			name = Debug;
		};
		659F1FE71B368F9B0074A187 /* Release */ = {
			isa = XCBuildConfiguration;
			buildSettings = {
				ASSETCATALOG_COMPILER_APPICON_NAME = AppIcon;
				INFOPLIST_FILE = "Swift01-4/Info.plist";
				LD_RUNPATH_SEARCH_PATHS = "$(inherited) @executable_path/Frameworks";
				PRODUCT_NAME = "$(TARGET_NAME)";
			};
			name = Release;
		};
		659F1FE91B368F9B0074A187 /* Debug */ = {
			isa = XCBuildConfiguration;
			buildSettings = {
				BUNDLE_LOADER = "$(TEST_HOST)";
				FRAMEWORK_SEARCH_PATHS = (
					"$(SDKROOT)/Developer/Library/Frameworks",
					"$(inherited)",
				);
				GCC_PREPROCESSOR_DEFINITIONS = (
					"DEBUG=1",
					"$(inherited)",
				);
				INFOPLIST_FILE = "Swift01-4Tests/Info.plist";
				LD_RUNPATH_SEARCH_PATHS = "$(inherited) @executable_path/Frameworks @loader_path/Frameworks";
				PRODUCT_NAME = "$(TARGET_NAME)";
				TEST_HOST = "$(BUILT_PRODUCTS_DIR)/Swift01-4.app/Swift01-4";
			};
			name = Debug;
		};
		659F1FEA1B368F9B0074A187 /* Release */ = {
			isa = XCBuildConfiguration;
			buildSettings = {
				BUNDLE_LOADER = "$(TEST_HOST)";
				FRAMEWORK_SEARCH_PATHS = (
					"$(SDKROOT)/Developer/Library/Frameworks",
					"$(inherited)",
				);
				INFOPLIST_FILE = "Swift01-4Tests/Info.plist";
				LD_RUNPATH_SEARCH_PATHS = "$(inherited) @executable_path/Frameworks @loader_path/Frameworks";
				PRODUCT_NAME = "$(TARGET_NAME)";
				TEST_HOST = "$(BUILT_PRODUCTS_DIR)/Swift01-4.app/Swift01-4";
			};
			name = Release;
		};
/* End XCBuildConfiguration section */

/* Begin XCConfigurationList section */
		659F1FC11B368F9A0074A187 /* Build configuration list for PBXProject "Swift01-4" */ = {
			isa = XCConfigurationList;
			buildConfigurations = (
				659F1FE31B368F9B0074A187 /* Debug */,
				659F1FE41B368F9B0074A187 /* Release */,
			);
			defaultConfigurationIsVisible = 0;
			defaultConfigurationName = Release;
		};
		659F1FE51B368F9B0074A187 /* Build configuration list for PBXNativeTarget "Swift01-4" */ = {
			isa = XCConfigurationList;
			buildConfigurations = (
				659F1FE61B368F9B0074A187 /* Debug */,
				659F1FE71B368F9B0074A187 /* Release */,
			);
			defaultConfigurationIsVisible = 0;
			defaultConfigurationName = Release;
		};
		659F1FE81B368F9B0074A187 /* Build configuration list for PBXNativeTarget "Swift01-4Tests" */ = {
			isa = XCConfigurationList;
			buildConfigurations = (
				659F1FE91B368F9B0074A187 /* Debug */,
				659F1FEA1B368F9B0074A187 /* Release */,
			);
			defaultConfigurationIsVisible = 0;
			defaultConfigurationName = Release;
		};
/* End XCConfigurationList section */
	};
	rootObject = 659F1FBE1B368F9A0074A187 /* Project object */;
}
